<?xml version="1.0" encoding="utf-8"?>
<Project ToolsVersion="4.0" xmlns="http://schemas.microsoft.com/developer/msbuild/2003">
  <ItemGroup>
    <Filter Include="Source Files">
      <UniqueIdentifier>{4FC737F1-C7A5-4376-A066-2A32D752A2FF}</UniqueIdentifier>
      <Extensions>cpp;c;cc;cxx;def;odl;idl;hpj;bat;asm;asmx</Extensions>
    </Filter>
    <Filter Include="Header Files">
      <UniqueIdentifier>{93995380-89BD-4b04-88EB-625FBE52EBFB}</UniqueIdentifier>
      <Extensions>h;hh;hpp;hxx;hm;inl;inc;xsd</Extensions>
    </Filter>
  </ItemGroup>
  <ItemGroup>
    <ClCompile Include="$(GRAPHVIZ_LIB_SRC)\cgraph\agerror.c">
      <Filter>Source Files</Filter>
    </ClCompile>
    <ClCompile Include="$(GRAPHVIZ_LIB_SRC)\cgraph\agxbuf.c">
      <Filter>Source Files</Filter>
    </ClCompile>
    <ClCompile Include="$(GRAPHVIZ_LIB_SRC)\cgraph\apply.c">
      <Filter>Source Files</Filter>
    </ClCompile>
    <ClCompile Include="$(GRAPHVIZ_LIB_SRC)\cgraph\attr.c">
      <Filter>Source Files</Filter>
    </ClCompile>
    <ClCompile Include="$(GRAPHVIZ_LIB_SRC)\cgraph\edge.c">
      <Filter>Source Files</Filter>
    </ClCompile>
    <ClCompile Include="$(GRAPHVIZ_LIB_SRC)\cgraph\flatten.c">
      <Filter>Source Files</Filter>
    </ClCompile>
    <ClCompile Include="$(GRAPHVIZ_LIB_SRC)\cgraph\graph.c">
      <Filter>Source Files</Filter>
    </ClCompile>
    <ClCompile Include="$(GRAPHVIZ_LIB_SRC)\cgraph\id.c">
      <Filter>Source Files</Filter>
    </ClCompile>
    <ClCompile Include="$(GRAPHVIZ_LIB_SRC)\cgraph\imap.c">
      <Filter>Source Files</Filter>
    </ClCompile>
    <ClCompile Include="$(GRAPHVIZ_LIB_SRC)\cgraph\io.c">
      <Filter>Source Files</Filter>
    </ClCompile>
    <ClCompile Include="$(GRAPHVIZ_LIB_SRC)\cgraph\mem.c">
      <Filter>Source Files</Filter>
    </ClCompile>
    <ClCompile Include="$(GRAPHVIZ_LIB_SRC)\cgraph\node.c">
      <Filter>Source Files</Filter>
    </ClCompile>
    <ClCompile Include="$(GRAPHVIZ_LIB_SRC)\cgraph\obj.c">
      <Filter>Source Files</Filter>
    </ClCompile>
    <ClCompile Include="$(GRAPHVIZ_LIB_SRC)\cgraph\pend.c">
      <Filter>Source Files</Filter>
    </ClCompile>
    <ClCompile Include="$(GRAPHVIZ_LIB_SRC)\cgraph\rec.c">
      <Filter>Source Files</Filter>
    </ClCompile>
    <ClCompile Include="$(GRAPHVIZ_LIB_SRC)\cgraph\refstr.c">
      <Filter>Source Files</Filter>
    </ClCompile>
    <ClCompile Include="$(GRAPHVIZ_LIB_SRC)\cgraph\scan.c">
      <Filter>Source Files</Filter>
    </ClCompile>
    <ClCompile Include="$(GRAPHVIZ_LIB_SRC)\cgraph\subg.c">
      <Filter>Source Files</Filter>
    </ClCompile>
    <ClCompile Include="$(GRAPHVIZ_LIB_SRC)\cgraph\utils.c">
      <Filter>Source Files</Filter>
    </ClCompile>
    <ClCompile Include="$(GRAPHVIZ_LIB_SRC)\cgraph\write.c">
      <Filter>Source Files</Filter>
    </ClCompile>
    <ClCompile Include="grammar.c">
      <Filter>Source Files</Filter>
    </ClCompile>
  </ItemGroup>
  <ItemGroup>
    <ClInclude Include="$(GRAPHVIZ_LIB_SRC)\cgraph\agxbuf.h">
      <Filter>Header Files</Filter>
    </ClInclude>
    <ClInclude Include="$(GRAPHVIZ_LIB_SRC)\cgraph\cghdr.h">
      <Filter>Header Files</Filter>
    </ClInclude>
    <ClInclude Include="$(GRAPHVIZ_LIB_SRC)\cgraph\cgraph.h">
      <Filter>Header Files</Filter>
    </ClInclude>
  </ItemGroup>
  <ItemGroup>
    <None Include="$(GRAPHVIZ_LIB_SRC)\cgraph\grammar.y">
      <Filter>Source Files</Filter>
    </None>
  </ItemGroup>
</Project>