
Microsoft Visual Studio Solution File, Format Version 12.00
# Visual Studio 15
VisualStudioVersion = 15.0.26430.16
MinimumVisualStudioVersion = 10.0.40219.1
Project("{8BC9CEB8-8B4A-11D0-8D11-00A0C91BC942}") = "cdt", "cdt\cdt.vcxproj", "{5ABE8699-038C-4134-B704-EE11D67292B0}"
EndProject
Project("{8BC9CEB8-8B4A-11D0-8D11-00A0C91BC942}") = "cgraph", "cgraph\cgraph.vcxproj", "{1BB58279-E53B-4BCA-8007-5A77854E6EE8}"
	ProjectSection(ProjectDependencies) = postProject
		{5ABE8699-038C-4134-B704-EE11D67292B0} = {5ABE8699-038C-4134-B704-EE11D67292B0}
	EndProjectSection
EndProject
Project("{8BC9CEB8-8B4A-11D0-8D11-00A0C91BC942}") = "patchwork", "patchwork\patchwork.vcxproj", "{62EE8102-D076-4023-BF1B-4C6DB39D89AE}"
EndProject
Project("{8BC9CEB8-8B4A-11D0-8D11-00A0C91BC942}") = "pathplan", "pathplan\pathplan.vcxproj", "{3A365D0B-78D0-4659-A276-D1423B378E2E}"
	ProjectSection(ProjectDependencies) = postProject
		{5ABE8699-038C-4134-B704-EE11D67292B0} = {5ABE8699-038C-4134-B704-EE11D67292B0}
	EndProjectSection
EndProject
Project("{8BC9CEB8-8B4A-11D0-8D11-00A0C91BC942}") = "xdot", "xdot\xdot.vcxproj", "{323FFDE4-45CC-4732-9D9E-47101F724426}"
EndProject
Project("{8BC9CEB8-8B4A-11D0-8D11-00A0C91BC942}") = "gvc", "gvc\gvc.vcxproj", "{163817B5-D3D2-4294-BF2B-BFA129371073}"
	ProjectSection(ProjectDependencies) = postProject
		{62EE8102-D076-4023-BF1B-4C6DB39D89AE} = {62EE8102-D076-4023-BF1B-4C6DB39D89AE}
		{3A365D0B-78D0-4659-A276-D1423B378E2E} = {3A365D0B-78D0-4659-A276-D1423B378E2E}
		{5ABE8699-038C-4134-B704-EE11D67292B0} = {5ABE8699-038C-4134-B704-EE11D67292B0}
		{323FFDE4-45CC-4732-9D9E-47101F724426} = {323FFDE4-45CC-4732-9D9E-47101F724426}
	EndProjectSection
EndProject
Global
	GlobalSection(SolutionConfigurationPlatforms) = preSolution
		Debug|x64 = Debug|x64
		Debug|x86 = Debug|x86
		Release|x64 = Release|x64
		Release|x86 = Release|x86
	EndGlobalSection
	GlobalSection(ProjectConfigurationPlatforms) = postSolution
		{5ABE8699-038C-4134-B704-EE11D67292B0}.Debug|x64.ActiveCfg = Debug|x64
		{5ABE8699-038C-4134-B704-EE11D67292B0}.Debug|x64.Build.0 = Debug|x64
		{5ABE8699-038C-4134-B704-EE11D67292B0}.Debug|x86.ActiveCfg = Debug|Win32
		{5ABE8699-038C-4134-B704-EE11D67292B0}.Debug|x86.Build.0 = Debug|Win32
		{5ABE8699-038C-4134-B704-EE11D67292B0}.Release|x64.ActiveCfg = Release|x64
		{5ABE8699-038C-4134-B704-EE11D67292B0}.Release|x64.Build.0 = Release|x64
		{5ABE8699-038C-4134-B704-EE11D67292B0}.Release|x86.ActiveCfg = Release|Win32
		{5ABE8699-038C-4134-B704-EE11D67292B0}.Release|x86.Build.0 = Release|Win32
		{1BB58279-E53B-4BCA-8007-5A77854E6EE8}.Debug|x64.ActiveCfg = Debug|x64
		{1BB58279-E53B-4BCA-8007-5A77854E6EE8}.Debug|x64.Build.0 = Debug|x64
		{1BB58279-E53B-4BCA-8007-5A77854E6EE8}.Debug|x86.ActiveCfg = Debug|Win32
		{1BB58279-E53B-4BCA-8007-5A77854E6EE8}.Debug|x86.Build.0 = Debug|Win32
		{1BB58279-E53B-4BCA-8007-5A77854E6EE8}.Release|x64.ActiveCfg = Release|x64
		{1BB58279-E53B-4BCA-8007-5A77854E6EE8}.Release|x64.Build.0 = Release|x64
		{1BB58279-E53B-4BCA-8007-5A77854E6EE8}.Release|x86.ActiveCfg = Release|Win32
		{1BB58279-E53B-4BCA-8007-5A77854E6EE8}.Release|x86.Build.0 = Release|Win32
		{62EE8102-D076-4023-BF1B-4C6DB39D89AE}.Debug|x64.ActiveCfg = Debug|x64
		{62EE8102-D076-4023-BF1B-4C6DB39D89AE}.Debug|x64.Build.0 = Debug|x64
		{62EE8102-D076-4023-BF1B-4C6DB39D89AE}.Debug|x86.ActiveCfg = Debug|Win32
		{62EE8102-D076-4023-BF1B-4C6DB39D89AE}.Debug|x86.Build.0 = Debug|Win32
		{62EE8102-D076-4023-BF1B-4C6DB39D89AE}.Release|x64.ActiveCfg = Release|x64
		{62EE8102-D076-4023-BF1B-4C6DB39D89AE}.Release|x64.Build.0 = Release|x64
		{62EE8102-D076-4023-BF1B-4C6DB39D89AE}.Release|x86.ActiveCfg = Release|Win32
		{62EE8102-D076-4023-BF1B-4C6DB39D89AE}.Release|x86.Build.0 = Release|Win32
		{3A365D0B-78D0-4659-A276-D1423B378E2E}.Debug|x64.ActiveCfg = Debug|x64
		{3A365D0B-78D0-4659-A276-D1423B378E2E}.Debug|x64.Build.0 = Debug|x64
		{3A365D0B-78D0-4659-A276-D1423B378E2E}.Debug|x86.ActiveCfg = Debug|Win32
		{3A365D0B-78D0-4659-A276-D1423B378E2E}.Debug|x86.Build.0 = Debug|Win32
		{3A365D0B-78D0-4659-A276-D1423B378E2E}.Release|x64.ActiveCfg = Release|x64
		{3A365D0B-78D0-4659-A276-D1423B378E2E}.Release|x64.Build.0 = Release|x64
		{3A365D0B-78D0-4659-A276-D1423B378E2E}.Release|x86.ActiveCfg = Release|Win32
		{3A365D0B-78D0-4659-A276-D1423B378E2E}.Release|x86.Build.0 = Release|Win32
		{323FFDE4-45CC-4732-9D9E-47101F724426}.Debug|x64.ActiveCfg = Debug|x64
		{323FFDE4-45CC-4732-9D9E-47101F724426}.Debug|x64.Build.0 = Debug|x64
		{323FFDE4-45CC-4732-9D9E-47101F724426}.Debug|x86.ActiveCfg = Debug|Win32
		{323FFDE4-45CC-4732-9D9E-47101F724426}.Debug|x86.Build.0 = Debug|Win32
		{323FFDE4-45CC-4732-9D9E-47101F724426}.Release|x64.ActiveCfg = Release|x64
		{323FFDE4-45CC-4732-9D9E-47101F724426}.Release|x64.Build.0 = Release|x64
		{323FFDE4-45CC-4732-9D9E-47101F724426}.Release|x86.ActiveCfg = Release|Win32
		{323FFDE4-45CC-4732-9D9E-47101F724426}.Release|x86.Build.0 = Release|Win32
		{163817B5-D3D2-4294-BF2B-BFA129371073}.Debug|x64.ActiveCfg = Debug|x64
		{163817B5-D3D2-4294-BF2B-BFA129371073}.Debug|x64.Build.0 = Debug|x64
		{163817B5-D3D2-4294-BF2B-BFA129371073}.Debug|x86.ActiveCfg = Debug|Win32
		{163817B5-D3D2-4294-BF2B-BFA129371073}.Debug|x86.Build.0 = Debug|Win32
		{163817B5-D3D2-4294-BF2B-BFA129371073}.Release|x64.ActiveCfg = Release|x64
		{163817B5-D3D2-4294-BF2B-BFA129371073}.Release|x64.Build.0 = Release|x64
		{163817B5-D3D2-4294-BF2B-BFA129371073}.Release|x86.ActiveCfg = Release|Win32
		{163817B5-D3D2-4294-BF2B-BFA129371073}.Release|x86.Build.0 = Release|Win32
	EndGlobalSection
	GlobalSection(SolutionProperties) = preSolution
		HideSolutionNode = FALSE
	EndGlobalSection
EndGlobal
