<?xml version="1.0" encoding="utf-8"?>
<Project ToolsVersion="4.0" xmlns="http://schemas.microsoft.com/developer/msbuild/2003">
  <ItemGroup>
    <Filter Include="Source Files">
      <UniqueIdentifier>{4FC737F1-C7A5-4376-A066-2A32D752A2FF}</UniqueIdentifier>
      <Extensions>cpp;c;cc;cxx;def;odl;idl;hpj;bat;asm;asmx</Extensions>
    </Filter>
    <Filter Include="Precompiled Headers">
      <UniqueIdentifier>{95c0f5c2-5d2b-4a16-a3b6-977a357523cc}</UniqueIdentifier>
    </Filter>
  </ItemGroup>
  <ItemGroup>
    <ClInclude Include="..\..\test\yw-parse-tests\stub_yw_listener.h">
      <Filter>Source Files</Filter>
    </ClInclude>
    <ClInclude Include="targetver.h">
      <Filter>Precompiled Headers</Filter>
    </ClInclude>
    <ClInclude Include="..\..\test\yw-parse-tests\yw_parse_tests.h">
      <Filter>Precompiled Headers</Filter>
    </ClInclude>
  </ItemGroup>
  <ItemGroup>
    <ClCompile Include="..\..\test\yw-parse-tests\block_context_tests.cpp">
      <Filter>Source Files</Filter>
    </ClCompile>
    <ClCompile Include="..\..\test\yw-parse-tests\block_listener_tests.cpp">
      <Filter>Source Files</Filter>
    </ClCompile>
    <ClCompile Include="..\..\test\yw-parse-tests\script_listener_tests.cpp">
      <Filter>Source Files</Filter>
    </ClCompile>
    <ClCompile Include="stdafx.cpp">
      <Filter>Precompiled Headers</Filter>
    </ClCompile>
    <ClCompile Include="..\..\test\yw-parse-tests\begin_context_tests.cpp">
      <Filter>Source Files</Filter>
    </ClCompile>
    <ClCompile Include="..\..\test\yw-parse-tests\desc_context_tests.cpp">
      <Filter>Source Files</Filter>
    </ClCompile>
    <ClCompile Include="..\..\test\yw-parse-tests\io_listener_tests.cpp">
      <Filter>Source Files</Filter>
    </ClCompile>
    <ClCompile Include="..\..\test\yw-parse-tests\io_context_tests.cpp">
      <Filter>Source Files</Filter>
    </ClCompile>
    <ClCompile Include="..\..\test\yw-parse-tests\parsing_exception_tests.cpp">
      <Filter>Source Files</Filter>
    </ClCompile>
    <ClCompile Include="..\..\test\yw-parse-tests\annotation_syntax_exception_tests.cpp">
      <Filter>Source Files</Filter>
    </ClCompile>
    <ClCompile Include="..\..\test\yw-parse-tests\unexpected_token_exception_tests.cpp">
      <Filter>Source Files</Filter>
    </ClCompile>
    <ClCompile Include="..\..\test\yw-parse-tests\missing_argument_exception_tests.cpp">
      <Filter>Source Files</Filter>
    </ClCompile>
    <ClCompile Include="..\..\test\yw-parse-tests\misplaced_begin_child_exception_tests.cpp">
      <Filter>Source Files</Filter>
    </ClCompile>
  </ItemGroup>
</Project>