
Microsoft Visual Studio Solution File, Format Version 12.00
# Visual Studio 15
VisualStudioVersion = 15.0.26430.14
MinimumVisualStudioVersion = 10.0.40219.1
Project("{8BC9CEB8-8B4A-11D0-8D11-00A0C91BC942}") = "yw-extract", "yw-extract\yw-extract.vcxproj", "{158B1288-0CC1-426B-8967-800EDBD8C278}"
	ProjectSection(ProjectDependencies) = postProject
		{7579AE60-7552-4A34-95D3-B360323FDAC0} = {7579AE60-7552-4A34-95D3-B360323FDAC0}
	EndProjectSection
EndProject
Project("{8BC9CEB8-8B4A-11D0-8D11-00A0C91BC942}") = "yw-parse", "yw-parse\yw-parse.vcxproj", "{7579AE60-7552-4A34-95D3-B360323FDAC0}"
EndProject
Project("{8BC9CEB8-8B4A-11D0-8D11-00A0C91BC942}") = "yw-parse-tests", "yw-parse-tests\yw-parse-tests.vcxproj", "{0270BA81-F73E-4AC9-B3C8-094F3F697BBD}"
	ProjectSection(ProjectDependencies) = postProject
		{7579AE60-7552-4A34-95D3-B360323FDAC0} = {7579AE60-7552-4A34-95D3-B360323FDAC0}
	EndProjectSection
EndProject
Project("{8BC9CEB8-8B4A-11D0-8D11-00A0C91BC942}") = "yw-db", "yw-db\yw-db.vcxproj", "{2C3F23FE-F54E-4B9D-85FE-44889E06073A}"
	ProjectSection(ProjectDependencies) = postProject
		{9CD083F8-A23A-4F54-B5F0-5840A92FB619} = {9CD083F8-A23A-4F54-B5F0-5840A92FB619}
	EndProjectSection
EndProject
Project("{8BC9CEB8-8B4A-11D0-8D11-00A0C91BC942}") = "yw-db-tests", "yw-db-tests\yw-db-tests.vcxproj", "{A0DCDC47-DD79-4C67-B41D-DAAFE4328654}"
	ProjectSection(ProjectDependencies) = postProject
		{2C3F23FE-F54E-4B9D-85FE-44889E06073A} = {2C3F23FE-F54E-4B9D-85FE-44889E06073A}
	EndProjectSection
EndProject
Project("{8BC9CEB8-8B4A-11D0-8D11-00A0C91BC942}") = "sqlite-db", "sqlite-db\sqlite-db.vcxproj", "{9CD083F8-A23A-4F54-B5F0-5840A92FB619}"
EndProject
Project("{8BC9CEB8-8B4A-11D0-8D11-00A0C91BC942}") = "sqlite-db-tests", "sqlite-db-tests\sqlite-db-tests.vcxproj", "{79981E0C-55C7-403D-93F3-F113C9DA9F98}"
	ProjectSection(ProjectDependencies) = postProject
		{9CD083F8-A23A-4F54-B5F0-5840A92FB619} = {9CD083F8-A23A-4F54-B5F0-5840A92FB619}
	EndProjectSection
EndProject
Project("{8BC9CEB8-8B4A-11D0-8D11-00A0C91BC942}") = "yw-test", "yw-test\yw-test.vcxproj", "{CE3C782F-29AF-4822-90F5-4D83FE7E4140}"
EndProject
Global
	GlobalSection(SolutionConfigurationPlatforms) = preSolution
		Debug|Any CPU = Debug|Any CPU
		Debug|x64 = Debug|x64
		Debug|x86 = Debug|x86
		Release|Any CPU = Release|Any CPU
		Release|x64 = Release|x64
		Release|x86 = Release|x86
	EndGlobalSection
	GlobalSection(ProjectConfigurationPlatforms) = postSolution
		{158B1288-0CC1-426B-8967-800EDBD8C278}.Debug|Any CPU.ActiveCfg = Debug|Win32
		{158B1288-0CC1-426B-8967-800EDBD8C278}.Debug|x64.ActiveCfg = Debug|x64
		{158B1288-0CC1-426B-8967-800EDBD8C278}.Debug|x64.Build.0 = Debug|x64
		{158B1288-0CC1-426B-8967-800EDBD8C278}.Debug|x86.ActiveCfg = Debug|Win32
		{158B1288-0CC1-426B-8967-800EDBD8C278}.Debug|x86.Build.0 = Debug|Win32
		{158B1288-0CC1-426B-8967-800EDBD8C278}.Release|Any CPU.ActiveCfg = Release|Win32
		{158B1288-0CC1-426B-8967-800EDBD8C278}.Release|x64.ActiveCfg = Release|x64
		{158B1288-0CC1-426B-8967-800EDBD8C278}.Release|x64.Build.0 = Release|x64
		{158B1288-0CC1-426B-8967-800EDBD8C278}.Release|x86.ActiveCfg = Release|Win32
		{158B1288-0CC1-426B-8967-800EDBD8C278}.Release|x86.Build.0 = Release|Win32
		{7579AE60-7552-4A34-95D3-B360323FDAC0}.Debug|Any CPU.ActiveCfg = Debug|Win32
		{7579AE60-7552-4A34-95D3-B360323FDAC0}.Debug|x64.ActiveCfg = Debug|x64
		{7579AE60-7552-4A34-95D3-B360323FDAC0}.Debug|x64.Build.0 = Debug|x64
		{7579AE60-7552-4A34-95D3-B360323FDAC0}.Debug|x86.ActiveCfg = Debug|Win32
		{7579AE60-7552-4A34-95D3-B360323FDAC0}.Debug|x86.Build.0 = Debug|Win32
		{7579AE60-7552-4A34-95D3-B360323FDAC0}.Release|Any CPU.ActiveCfg = Release|Win32
		{7579AE60-7552-4A34-95D3-B360323FDAC0}.Release|x64.ActiveCfg = Release|x64
		{7579AE60-7552-4A34-95D3-B360323FDAC0}.Release|x64.Build.0 = Release|x64
		{7579AE60-7552-4A34-95D3-B360323FDAC0}.Release|x86.ActiveCfg = Release|Win32
		{7579AE60-7552-4A34-95D3-B360323FDAC0}.Release|x86.Build.0 = Release|Win32
		{0270BA81-F73E-4AC9-B3C8-094F3F697BBD}.Debug|Any CPU.ActiveCfg = Debug|Win32
		{0270BA81-F73E-4AC9-B3C8-094F3F697BBD}.Debug|x64.ActiveCfg = Debug|x64
		{0270BA81-F73E-4AC9-B3C8-094F3F697BBD}.Debug|x64.Build.0 = Debug|x64
		{0270BA81-F73E-4AC9-B3C8-094F3F697BBD}.Debug|x86.ActiveCfg = Debug|Win32
		{0270BA81-F73E-4AC9-B3C8-094F3F697BBD}.Debug|x86.Build.0 = Debug|Win32
		{0270BA81-F73E-4AC9-B3C8-094F3F697BBD}.Release|Any CPU.ActiveCfg = Release|Win32
		{0270BA81-F73E-4AC9-B3C8-094F3F697BBD}.Release|x64.ActiveCfg = Release|x64
		{0270BA81-F73E-4AC9-B3C8-094F3F697BBD}.Release|x64.Build.0 = Release|x64
		{0270BA81-F73E-4AC9-B3C8-094F3F697BBD}.Release|x86.ActiveCfg = Release|Win32
		{0270BA81-F73E-4AC9-B3C8-094F3F697BBD}.Release|x86.Build.0 = Release|Win32
		{2C3F23FE-F54E-4B9D-85FE-44889E06073A}.Debug|Any CPU.ActiveCfg = Debug|Win32
		{2C3F23FE-F54E-4B9D-85FE-44889E06073A}.Debug|x64.ActiveCfg = Debug|x64
		{2C3F23FE-F54E-4B9D-85FE-44889E06073A}.Debug|x64.Build.0 = Debug|x64
		{2C3F23FE-F54E-4B9D-85FE-44889E06073A}.Debug|x86.ActiveCfg = Debug|Win32
		{2C3F23FE-F54E-4B9D-85FE-44889E06073A}.Debug|x86.Build.0 = Debug|Win32
		{2C3F23FE-F54E-4B9D-85FE-44889E06073A}.Release|Any CPU.ActiveCfg = Release|Win32
		{2C3F23FE-F54E-4B9D-85FE-44889E06073A}.Release|x64.ActiveCfg = Release|x64
		{2C3F23FE-F54E-4B9D-85FE-44889E06073A}.Release|x64.Build.0 = Release|x64
		{2C3F23FE-F54E-4B9D-85FE-44889E06073A}.Release|x86.ActiveCfg = Release|Win32
		{2C3F23FE-F54E-4B9D-85FE-44889E06073A}.Release|x86.Build.0 = Release|Win32
		{A0DCDC47-DD79-4C67-B41D-DAAFE4328654}.Debug|Any CPU.ActiveCfg = Debug|Win32
		{A0DCDC47-DD79-4C67-B41D-DAAFE4328654}.Debug|x64.ActiveCfg = Debug|x64
		{A0DCDC47-DD79-4C67-B41D-DAAFE4328654}.Debug|x64.Build.0 = Debug|x64
		{A0DCDC47-DD79-4C67-B41D-DAAFE4328654}.Debug|x86.ActiveCfg = Debug|Win32
		{A0DCDC47-DD79-4C67-B41D-DAAFE4328654}.Debug|x86.Build.0 = Debug|Win32
		{A0DCDC47-DD79-4C67-B41D-DAAFE4328654}.Release|Any CPU.ActiveCfg = Release|Win32
		{A0DCDC47-DD79-4C67-B41D-DAAFE4328654}.Release|x64.ActiveCfg = Release|x64
		{A0DCDC47-DD79-4C67-B41D-DAAFE4328654}.Release|x64.Build.0 = Release|x64
		{A0DCDC47-DD79-4C67-B41D-DAAFE4328654}.Release|x86.ActiveCfg = Release|Win32
		{A0DCDC47-DD79-4C67-B41D-DAAFE4328654}.Release|x86.Build.0 = Release|Win32
		{9CD083F8-A23A-4F54-B5F0-5840A92FB619}.Debug|Any CPU.ActiveCfg = Debug|Win32
		{9CD083F8-A23A-4F54-B5F0-5840A92FB619}.Debug|x64.ActiveCfg = Debug|x64
		{9CD083F8-A23A-4F54-B5F0-5840A92FB619}.Debug|x64.Build.0 = Debug|x64
		{9CD083F8-A23A-4F54-B5F0-5840A92FB619}.Debug|x86.ActiveCfg = Debug|Win32
		{9CD083F8-A23A-4F54-B5F0-5840A92FB619}.Debug|x86.Build.0 = Debug|Win32
		{9CD083F8-A23A-4F54-B5F0-5840A92FB619}.Release|Any CPU.ActiveCfg = Release|Win32
		{9CD083F8-A23A-4F54-B5F0-5840A92FB619}.Release|x64.ActiveCfg = Release|x64
		{9CD083F8-A23A-4F54-B5F0-5840A92FB619}.Release|x64.Build.0 = Release|x64
		{9CD083F8-A23A-4F54-B5F0-5840A92FB619}.Release|x86.ActiveCfg = Release|Win32
		{9CD083F8-A23A-4F54-B5F0-5840A92FB619}.Release|x86.Build.0 = Release|Win32
		{79981E0C-55C7-403D-93F3-F113C9DA9F98}.Debug|Any CPU.ActiveCfg = Debug|Win32
		{79981E0C-55C7-403D-93F3-F113C9DA9F98}.Debug|x64.ActiveCfg = Debug|x64
		{79981E0C-55C7-403D-93F3-F113C9DA9F98}.Debug|x64.Build.0 = Debug|x64
		{79981E0C-55C7-403D-93F3-F113C9DA9F98}.Debug|x86.ActiveCfg = Debug|Win32
		{79981E0C-55C7-403D-93F3-F113C9DA9F98}.Debug|x86.Build.0 = Debug|Win32
		{79981E0C-55C7-403D-93F3-F113C9DA9F98}.Release|Any CPU.ActiveCfg = Release|Win32
		{79981E0C-55C7-403D-93F3-F113C9DA9F98}.Release|x64.ActiveCfg = Release|x64
		{79981E0C-55C7-403D-93F3-F113C9DA9F98}.Release|x64.Build.0 = Release|x64
		{79981E0C-55C7-403D-93F3-F113C9DA9F98}.Release|x86.ActiveCfg = Release|Win32
		{79981E0C-55C7-403D-93F3-F113C9DA9F98}.Release|x86.Build.0 = Release|Win32
		{CE3C782F-29AF-4822-90F5-4D83FE7E4140}.Debug|Any CPU.ActiveCfg = Debug|Win32
		{CE3C782F-29AF-4822-90F5-4D83FE7E4140}.Debug|x64.ActiveCfg = Debug|x64
		{CE3C782F-29AF-4822-90F5-4D83FE7E4140}.Debug|x64.Build.0 = Debug|x64
		{CE3C782F-29AF-4822-90F5-4D83FE7E4140}.Debug|x86.ActiveCfg = Debug|Win32
		{CE3C782F-29AF-4822-90F5-4D83FE7E4140}.Debug|x86.Build.0 = Debug|Win32
		{CE3C782F-29AF-4822-90F5-4D83FE7E4140}.Release|Any CPU.ActiveCfg = Release|Win32
		{CE3C782F-29AF-4822-90F5-4D83FE7E4140}.Release|x64.ActiveCfg = Release|x64
		{CE3C782F-29AF-4822-90F5-4D83FE7E4140}.Release|x64.Build.0 = Release|x64
		{CE3C782F-29AF-4822-90F5-4D83FE7E4140}.Release|x86.ActiveCfg = Release|Win32
		{CE3C782F-29AF-4822-90F5-4D83FE7E4140}.Release|x86.Build.0 = Release|Win32
	EndGlobalSection
	GlobalSection(SolutionProperties) = preSolution
		HideSolutionNode = FALSE
	EndGlobalSection
EndGlobal
