<?xml version="1.0" encoding="utf-8"?>
<Project ToolsVersion="4.0" xmlns="http://schemas.microsoft.com/developer/msbuild/2003">
  <ItemGroup>
    <Filter Include="Source Files">
      <UniqueIdentifier>{4FC737F1-C7A5-4376-A066-2A32D752A2FF}</UniqueIdentifier>
      <Extensions>cpp;c;cc;cxx;def;odl;idl;hpj;bat;asm;asmx</Extensions>
    </Filter>
    <Filter Include="Generated Source Files">
      <UniqueIdentifier>{66b0a6f5-90a6-422b-9643-98d1f76b19a4}</UniqueIdentifier>
    </Filter>
    <Filter Include="Grammar Definitions">
      <UniqueIdentifier>{faaba7c8-6949-43b9-810b-338df86f31dd}</UniqueIdentifier>
    </Filter>
  </ItemGroup>
  <ItemGroup>
    <None Include="..\..\src\yw-parse\.gitignore" />
    <None Include="..\..\src\yw-parse\YW.tokens">
      <Filter>Generated Source Files</Filter>
    </None>
    <None Include="..\..\src\yw-parse\YWLexer.tokens">
      <Filter>Generated Source Files</Filter>
    </None>
    <None Include="..\..\src\yw-parse\YW.g4">
      <Filter>Grammar Definitions</Filter>
    </None>
    <None Include="..\..\src\yw-parse\build.bat">
      <Filter>Grammar Definitions</Filter>
    </None>
  </ItemGroup>
  <ItemGroup>
    <ClCompile Include="..\..\src\yw-parse\YWBaseListener.cpp">
      <Filter>Generated Source Files</Filter>
    </ClCompile>
    <ClCompile Include="..\..\src\yw-parse\YWLexer.cpp">
      <Filter>Generated Source Files</Filter>
    </ClCompile>
    <ClCompile Include="..\..\src\yw-parse\YWListener.cpp">
      <Filter>Generated Source Files</Filter>
    </ClCompile>
    <ClCompile Include="..\..\src\yw-parse\YWParser.cpp">
      <Filter>Generated Source Files</Filter>
    </ClCompile>
    <ClCompile Include="..\..\src\yw-parse\yw_parser_builder.cpp">
      <Filter>Source Files</Filter>
    </ClCompile>
    <ClCompile Include="..\..\src\yw-parse\annotation_syntax_exception.cpp">
      <Filter>Source Files</Filter>
    </ClCompile>
    <ClCompile Include="..\..\src\yw-parse\parsing_exception.cpp">
      <Filter>Source Files</Filter>
    </ClCompile>
    <ClCompile Include="..\..\src\yw-parse\missing_argument_exception.cpp">
      <Filter>Source Files</Filter>
    </ClCompile>
    <ClCompile Include="..\..\src\yw-parse\misplaced_begin_child_exception.cpp">
      <Filter>Source Files</Filter>
    </ClCompile>
    <ClCompile Include="..\..\src\yw-parse\misplaced_port_child_exception.cpp">
      <Filter>Source Files</Filter>
    </ClCompile>
    <ClCompile Include="..\..\src\yw-parse\misplaced_end_exception.cpp">
      <Filter>Source Files</Filter>
    </ClCompile>
    <ClCompile Include="..\..\src\yw-parse\unexpected_annotation_exception.cpp">
      <Filter>Source Files</Filter>
    </ClCompile>
    <ClCompile Include="..\..\src\yw-parse\yw_parser_error_listener.cpp">
      <Filter>Source Files</Filter>
    </ClCompile>
    <ClCompile Include="..\..\src\yw-parse\unexpected_eof_exception.cpp">
      <Filter>Source Files</Filter>
    </ClCompile>
    <ClCompile Include="..\..\src\yw-parse\invalid_argument_exception.cpp">
      <Filter>Source Files</Filter>
    </ClCompile>
  </ItemGroup>
  <ItemGroup>
    <ClInclude Include="..\..\src\yw-parse\YWBaseListener.h">
      <Filter>Generated Source Files</Filter>
    </ClInclude>
    <ClInclude Include="..\..\src\yw-parse\YWLexer.h">
      <Filter>Generated Source Files</Filter>
    </ClInclude>
    <ClInclude Include="..\..\src\yw-parse\YWListener.h">
      <Filter>Generated Source Files</Filter>
    </ClInclude>
    <ClInclude Include="..\..\src\yw-parse\YWParser.h">
      <Filter>Generated Source Files</Filter>
    </ClInclude>
    <ClInclude Include="..\..\src\yw-parse\yw_parser_builder.h">
      <Filter>Source Files</Filter>
    </ClInclude>
    <ClInclude Include="..\..\src\yw-parse\annotation_syntax_exception.h">
      <Filter>Source Files</Filter>
    </ClInclude>
    <ClInclude Include="..\..\src\yw-parse\parsing_exception.h">
      <Filter>Source Files</Filter>
    </ClInclude>
    <ClInclude Include="..\..\src\yw-parse\missing_argument_exception.h">
      <Filter>Source Files</Filter>
    </ClInclude>
    <ClInclude Include="..\..\src\yw-parse\misplaced_begin_child_exception.h">
      <Filter>Source Files</Filter>
    </ClInclude>
    <ClInclude Include="..\..\src\yw-parse\misplaced_port_child_exception.h">
      <Filter>Source Files</Filter>
    </ClInclude>
    <ClInclude Include="..\..\src\yw-parse\misplaced_end_exception.h">
      <Filter>Source Files</Filter>
    </ClInclude>
    <ClInclude Include="..\..\src\yw-parse\unexpected_annotation_exception.h">
      <Filter>Source Files</Filter>
    </ClInclude>
    <ClInclude Include="..\..\src\yw-parse\yw_parser_error_listener.h">
      <Filter>Source Files</Filter>
    </ClInclude>
    <ClInclude Include="..\..\src\yw-parse\unexpected_eof_exception.h">
      <Filter>Source Files</Filter>
    </ClInclude>
    <ClInclude Include="..\..\src\yw-parse\invalid_argument_exception.h">
      <Filter>Source Files</Filter>
    </ClInclude>
  </ItemGroup>
</Project>