
Microsoft Visual Studio Solution File, Format Version 12.00
# Visual Studio 15
VisualStudioVersion = 15.0.27004.2006
MinimumVisualStudioVersion = 10.0.40219.1
Project("{8BC9CEB8-8B4A-11D0-8D11-00A0C91BC942}") = "yw-extract", "yw-extract\yw-extract.vcxproj", "{158B1288-0CC1-426B-8967-800EDBD8C278}"
	ProjectSection(ProjectDependencies) = postProject
		{7579AE60-7552-4A34-95D3-B360323FDAC0} = {7579AE60-7552-4A34-95D3-B360323FDAC0}
		{53F368BF-5AE1-4D98-BF66-E2D100E90E8C} = {53F368BF-5AE1-4D98-BF66-E2D100E90E8C}
		{9CD083F8-A23A-4F54-B5F0-5840A92FB619} = {9CD083F8-A23A-4F54-B5F0-5840A92FB619}
		{2C3F23FE-F54E-4B9D-85FE-44889E06073A} = {2C3F23FE-F54E-4B9D-85FE-44889E06073A}
	EndProjectSection
EndProject
Project("{8BC9CEB8-8B4A-11D0-8D11-00A0C91BC942}") = "yw-parse", "yw-parse\yw-parse.vcxproj", "{7579AE60-7552-4A34-95D3-B360323FDAC0}"
	ProjectSection(ProjectDependencies) = postProject
		{53F368BF-5AE1-4D98-BF66-E2D100E90E8C} = {53F368BF-5AE1-4D98-BF66-E2D100E90E8C}
	EndProjectSection
EndProject
Project("{8BC9CEB8-8B4A-11D0-8D11-00A0C91BC942}") = "yw-parse-tests", "yw-parse-tests\yw-parse-tests.vcxproj", "{0270BA81-F73E-4AC9-B3C8-094F3F697BBD}"
	ProjectSection(ProjectDependencies) = postProject
		{CE3C782F-29AF-4822-90F5-4D83FE7E4140} = {CE3C782F-29AF-4822-90F5-4D83FE7E4140}
		{7579AE60-7552-4A34-95D3-B360323FDAC0} = {7579AE60-7552-4A34-95D3-B360323FDAC0}
		{53F368BF-5AE1-4D98-BF66-E2D100E90E8C} = {53F368BF-5AE1-4D98-BF66-E2D100E90E8C}
	EndProjectSection
EndProject
Project("{8BC9CEB8-8B4A-11D0-8D11-00A0C91BC942}") = "yw-db", "yw-db\yw-db.vcxproj", "{2C3F23FE-F54E-4B9D-85FE-44889E06073A}"
	ProjectSection(ProjectDependencies) = postProject
		{53F368BF-5AE1-4D98-BF66-E2D100E90E8C} = {53F368BF-5AE1-4D98-BF66-E2D100E90E8C}
		{9CD083F8-A23A-4F54-B5F0-5840A92FB619} = {9CD083F8-A23A-4F54-B5F0-5840A92FB619}
	EndProjectSection
EndProject
Project("{8BC9CEB8-8B4A-11D0-8D11-00A0C91BC942}") = "yw-db-tests", "yw-db-tests\yw-db-tests.vcxproj", "{A0DCDC47-DD79-4C67-B41D-DAAFE4328654}"
	ProjectSection(ProjectDependencies) = postProject
		{CE3C782F-29AF-4822-90F5-4D83FE7E4140} = {CE3C782F-29AF-4822-90F5-4D83FE7E4140}
		{53F368BF-5AE1-4D98-BF66-E2D100E90E8C} = {53F368BF-5AE1-4D98-BF66-E2D100E90E8C}
		{2C3F23FE-F54E-4B9D-85FE-44889E06073A} = {2C3F23FE-F54E-4B9D-85FE-44889E06073A}
	EndProjectSection
EndProject
Project("{8BC9CEB8-8B4A-11D0-8D11-00A0C91BC942}") = "sqlite-db", "sqlite-db\sqlite-db.vcxproj", "{9CD083F8-A23A-4F54-B5F0-5840A92FB619}"
	ProjectSection(ProjectDependencies) = postProject
		{53F368BF-5AE1-4D98-BF66-E2D100E90E8C} = {53F368BF-5AE1-4D98-BF66-E2D100E90E8C}
	EndProjectSection
EndProject
Project("{8BC9CEB8-8B4A-11D0-8D11-00A0C91BC942}") = "sqlite-db-tests", "sqlite-db-tests\sqlite-db-tests.vcxproj", "{79981E0C-55C7-403D-93F3-F113C9DA9F98}"
	ProjectSection(ProjectDependencies) = postProject
		{CE3C782F-29AF-4822-90F5-4D83FE7E4140} = {CE3C782F-29AF-4822-90F5-4D83FE7E4140}
		{53F368BF-5AE1-4D98-BF66-E2D100E90E8C} = {53F368BF-5AE1-4D98-BF66-E2D100E90E8C}
		{9CD083F8-A23A-4F54-B5F0-5840A92FB619} = {9CD083F8-A23A-4F54-B5F0-5840A92FB619}
	EndProjectSection
EndProject
Project("{8BC9CEB8-8B4A-11D0-8D11-00A0C91BC942}") = "yw-test", "yw-test\yw-test.vcxproj", "{CE3C782F-29AF-4822-90F5-4D83FE7E4140}"
	ProjectSection(ProjectDependencies) = postProject
		{53F368BF-5AE1-4D98-BF66-E2D100E90E8C} = {53F368BF-5AE1-4D98-BF66-E2D100E90E8C}
	EndProjectSection
EndProject
Project("{8BC9CEB8-8B4A-11D0-8D11-00A0C91BC942}") = "yw-extract-tests", "yw-extract-tests\yw-extract-tests.vcxproj", "{A6E1D227-30CF-40E3-A9E7-AE1DC0387AF6}"
	ProjectSection(ProjectDependencies) = postProject
		{CE3C782F-29AF-4822-90F5-4D83FE7E4140} = {CE3C782F-29AF-4822-90F5-4D83FE7E4140}
		{7579AE60-7552-4A34-95D3-B360323FDAC0} = {7579AE60-7552-4A34-95D3-B360323FDAC0}
		{158B1288-0CC1-426B-8967-800EDBD8C278} = {158B1288-0CC1-426B-8967-800EDBD8C278}
		{53F368BF-5AE1-4D98-BF66-E2D100E90E8C} = {53F368BF-5AE1-4D98-BF66-E2D100E90E8C}
		{9CD083F8-A23A-4F54-B5F0-5840A92FB619} = {9CD083F8-A23A-4F54-B5F0-5840A92FB619}
		{2C3F23FE-F54E-4B9D-85FE-44889E06073A} = {2C3F23FE-F54E-4B9D-85FE-44889E06073A}
	EndProjectSection
EndProject
Project("{8BC9CEB8-8B4A-11D0-8D11-00A0C91BC942}") = "yw-extract-app", "yw-extract-app\yw-extract-app.vcxproj", "{D6FB9826-7E50-44DA-822E-F0A27F2A4CCE}"
	ProjectSection(ProjectDependencies) = postProject
		{7579AE60-7552-4A34-95D3-B360323FDAC0} = {7579AE60-7552-4A34-95D3-B360323FDAC0}
		{158B1288-0CC1-426B-8967-800EDBD8C278} = {158B1288-0CC1-426B-8967-800EDBD8C278}
		{12F54AB5-EC93-4E17-A652-E1620667FDDB} = {12F54AB5-EC93-4E17-A652-E1620667FDDB}
		{53F368BF-5AE1-4D98-BF66-E2D100E90E8C} = {53F368BF-5AE1-4D98-BF66-E2D100E90E8C}
		{19688ECD-0F81-4E43-BD3C-62E45B9725A1} = {19688ECD-0F81-4E43-BD3C-62E45B9725A1}
	EndProjectSection
EndProject
Project("{8BC9CEB8-8B4A-11D0-8D11-00A0C91BC942}") = "yw-graph-app", "yw-graph-app\yw-graph-app.vcxproj", "{DCC389A5-1968-493B-9BEC-633C9F0EC79A}"
	ProjectSection(ProjectDependencies) = postProject
		{EA928567-D2AB-4353-B0CB-43461B488643} = {EA928567-D2AB-4353-B0CB-43461B488643}
		{53F368BF-5AE1-4D98-BF66-E2D100E90E8C} = {53F368BF-5AE1-4D98-BF66-E2D100E90E8C}
		{19688ECD-0F81-4E43-BD3C-62E45B9725A1} = {19688ECD-0F81-4E43-BD3C-62E45B9725A1}
	EndProjectSection
EndProject
Project("{8BC9CEB8-8B4A-11D0-8D11-00A0C91BC942}") = "yw-model", "yw-model\yw-model.vcxproj", "{B511807B-8856-43EF-BD68-8B26D18642D4}"
	ProjectSection(ProjectDependencies) = postProject
		{CE3C782F-29AF-4822-90F5-4D83FE7E4140} = {CE3C782F-29AF-4822-90F5-4D83FE7E4140}
		{7579AE60-7552-4A34-95D3-B360323FDAC0} = {7579AE60-7552-4A34-95D3-B360323FDAC0}
		{158B1288-0CC1-426B-8967-800EDBD8C278} = {158B1288-0CC1-426B-8967-800EDBD8C278}
		{53F368BF-5AE1-4D98-BF66-E2D100E90E8C} = {53F368BF-5AE1-4D98-BF66-E2D100E90E8C}
	EndProjectSection
EndProject
Project("{8BC9CEB8-8B4A-11D0-8D11-00A0C91BC942}") = "yw-model-tests", "yw-model-tests\yw-model-tests.vcxproj", "{BC393008-BFA3-432D-A015-5B2099BEEAB2}"
	ProjectSection(ProjectDependencies) = postProject
		{CE3C782F-29AF-4822-90F5-4D83FE7E4140} = {CE3C782F-29AF-4822-90F5-4D83FE7E4140}
		{7579AE60-7552-4A34-95D3-B360323FDAC0} = {7579AE60-7552-4A34-95D3-B360323FDAC0}
		{B511807B-8856-43EF-BD68-8B26D18642D4} = {B511807B-8856-43EF-BD68-8B26D18642D4}
		{158B1288-0CC1-426B-8967-800EDBD8C278} = {158B1288-0CC1-426B-8967-800EDBD8C278}
		{53F368BF-5AE1-4D98-BF66-E2D100E90E8C} = {53F368BF-5AE1-4D98-BF66-E2D100E90E8C}
		{9CD083F8-A23A-4F54-B5F0-5840A92FB619} = {9CD083F8-A23A-4F54-B5F0-5840A92FB619}
		{2C3F23FE-F54E-4B9D-85FE-44889E06073A} = {2C3F23FE-F54E-4B9D-85FE-44889E06073A}
	EndProjectSection
EndProject
Project("{2150E333-8FDC-42A3-9474-1A3956D46DE8}") = "documentation", "documentation", "{3DE16776-1FA8-46EC-B7C7-E48E11F1C258}"
	ProjectSection(SolutionItems) = preProject
		..\README.md = ..\README.md
	EndProjectSection
EndProject
Project("{2150E333-8FDC-42A3-9474-1A3956D46DE8}") = "gcc", "gcc", "{67337B64-473B-4676-AF06-D1EDCE123B6D}"
	ProjectSection(SolutionItems) = preProject
		..\gcc\app.setup.makefile = ..\gcc\app.setup.makefile
		..\gcc\app.targets.makefile = ..\gcc\app.targets.makefile
		..\gcc\cpp.setup.makefile = ..\gcc\cpp.setup.makefile
		..\gcc\graphviz.setup.makefile = ..\gcc\graphviz.setup.makefile
		..\gcc\lib.targets.makefile = ..\gcc\lib.targets.makefile
		..\gcc\Makefile = ..\gcc\Makefile
		..\gcc\test.targets.makefile = ..\gcc\test.targets.makefile
		..\gcc\tests.setup.makefile = ..\gcc\tests.setup.makefile
		..\gcc\yw.setup.makefile = ..\gcc\yw.setup.makefile
	EndProjectSection
EndProject
Project("{2150E333-8FDC-42A3-9474-1A3956D46DE8}") = "sqlite-db-tests", "sqlite-db-tests", "{203206B4-5E83-4272-AAE2-5E67A9BCECA4}"
	ProjectSection(SolutionItems) = preProject
		..\gcc\sqlite-db-tests\Makefile = ..\gcc\sqlite-db-tests\Makefile
		..\gcc\sqlite-db-tests\test_runner.cpp = ..\gcc\sqlite-db-tests\test_runner.cpp
	EndProjectSection
EndProject
Project("{2150E333-8FDC-42A3-9474-1A3956D46DE8}") = "yw-extract-tests", "yw-extract-tests", "{19EA0903-BE1B-4FE4-8279-368B9192BA3B}"
	ProjectSection(SolutionItems) = preProject
		..\gcc\yw-extract-tests\Makefile = ..\gcc\yw-extract-tests\Makefile
		..\gcc\yw-extract-tests\test_runner.cpp = ..\gcc\yw-extract-tests\test_runner.cpp
	EndProjectSection
EndProject
Project("{2150E333-8FDC-42A3-9474-1A3956D46DE8}") = "yw-db-tests", "yw-db-tests", "{2F12580A-55E3-4EEA-BB07-CC4DA5383679}"
	ProjectSection(SolutionItems) = preProject
		..\gcc\yw-db-tests\Makefile = ..\gcc\yw-db-tests\Makefile
		..\gcc\yw-db-tests\test_runner.cpp = ..\gcc\yw-db-tests\test_runner.cpp
	EndProjectSection
EndProject
Project("{2150E333-8FDC-42A3-9474-1A3956D46DE8}") = "yw-parse-tests", "yw-parse-tests", "{286D0585-35D6-4C98-8008-4F8E9FC2A0B7}"
	ProjectSection(SolutionItems) = preProject
		..\gcc\yw-parse-tests\Makefile = ..\gcc\yw-parse-tests\Makefile
		..\gcc\yw-parse-tests\test_runner.cpp = ..\gcc\yw-parse-tests\test_runner.cpp
	EndProjectSection
EndProject
Project("{2150E333-8FDC-42A3-9474-1A3956D46DE8}") = "antlr4-runtime", "antlr4-runtime", "{958B3ADE-6F2C-4DB7-A6C6-9375994443DF}"
	ProjectSection(SolutionItems) = preProject
		..\gcc\antlr4-runtime\Makefile = ..\gcc\antlr4-runtime\Makefile
	EndProjectSection
EndProject
Project("{2150E333-8FDC-42A3-9474-1A3956D46DE8}") = "sqlite3", "sqlite3", "{A31E37FD-6C4F-4E69-8C51-ECFDBF18C286}"
	ProjectSection(SolutionItems) = preProject
		..\gcc\sqlite3\Makefile = ..\gcc\sqlite3\Makefile
	EndProjectSection
EndProject
Project("{2150E333-8FDC-42A3-9474-1A3956D46DE8}") = "sqlite-db", "sqlite-db", "{ACE83BC1-EE99-4B92-9FA7-DE1C1BFCAA36}"
	ProjectSection(SolutionItems) = preProject
		..\gcc\sqlite-db\Makefile = ..\gcc\sqlite-db\Makefile
	EndProjectSection
EndProject
Project("{2150E333-8FDC-42A3-9474-1A3956D46DE8}") = "yw-db", "yw-db", "{0685CE66-0727-45BF-8BA7-BE8AB2F0B1CC}"
	ProjectSection(SolutionItems) = preProject
		..\gcc\yw-db\Makefile = ..\gcc\yw-db\Makefile
	EndProjectSection
EndProject
Project("{2150E333-8FDC-42A3-9474-1A3956D46DE8}") = "yw-extract", "yw-extract", "{3EA2063B-5DB0-4F41-8BBD-BA968E77DB47}"
	ProjectSection(SolutionItems) = preProject
		..\gcc\yw-extract\Makefile = ..\gcc\yw-extract\Makefile
	EndProjectSection
EndProject
Project("{2150E333-8FDC-42A3-9474-1A3956D46DE8}") = "yw-parse", "yw-parse", "{472791FF-4381-475E-B0B9-52B813158FC5}"
	ProjectSection(SolutionItems) = preProject
		..\gcc\yw-parse\Makefile = ..\gcc\yw-parse\Makefile
	EndProjectSection
EndProject
Project("{2150E333-8FDC-42A3-9474-1A3956D46DE8}") = "yw-model-tests", "yw-model-tests", "{FA84A0C2-DAD6-40D6-850B-AC4E44A4C65C}"
	ProjectSection(SolutionItems) = preProject
		..\gcc\yw-model-tests\Makefile = ..\gcc\yw-model-tests\Makefile
	EndProjectSection
EndProject
Project("{2150E333-8FDC-42A3-9474-1A3956D46DE8}") = "yw-model", "yw-model", "{919F1D73-BBEE-4C1B-8F85-1700B0071489}"
	ProjectSection(SolutionItems) = preProject
		..\gcc\yw-model\Makefile = ..\gcc\yw-model\Makefile
	EndProjectSection
EndProject
Project("{2150E333-8FDC-42A3-9474-1A3956D46DE8}") = "yw-extract-app", "yw-extract-app", "{50BDBC51-F79F-446C-8B28-EF8EF190B6EA}"
	ProjectSection(SolutionItems) = preProject
		..\gcc\yw-extract-app\Makefile = ..\gcc\yw-extract-app\Makefile
	EndProjectSection
EndProject
Project("{8BC9CEB8-8B4A-11D0-8D11-00A0C91BC942}") = "yw-cli", "yw-cli\yw-cli.vcxproj", "{19688ECD-0F81-4E43-BD3C-62E45B9725A1}"
	ProjectSection(ProjectDependencies) = postProject
		{53F368BF-5AE1-4D98-BF66-E2D100E90E8C} = {53F368BF-5AE1-4D98-BF66-E2D100E90E8C}
	EndProjectSection
EndProject
Project("{8BC9CEB8-8B4A-11D0-8D11-00A0C91BC942}") = "yw-cli-tests", "yw-cli-tests\yw-cli-tests.vcxproj", "{238C5976-E68F-483B-8813-B006351BB6EB}"
	ProjectSection(ProjectDependencies) = postProject
		{CE3C782F-29AF-4822-90F5-4D83FE7E4140} = {CE3C782F-29AF-4822-90F5-4D83FE7E4140}
		{12F54AB5-EC93-4E17-A652-E1620667FDDB} = {12F54AB5-EC93-4E17-A652-E1620667FDDB}
		{53F368BF-5AE1-4D98-BF66-E2D100E90E8C} = {53F368BF-5AE1-4D98-BF66-E2D100E90E8C}
		{19688ECD-0F81-4E43-BD3C-62E45B9725A1} = {19688ECD-0F81-4E43-BD3C-62E45B9725A1}
	EndProjectSection
EndProject
Project("{8BC9CEB8-8B4A-11D0-8D11-00A0C91BC942}") = "yw-config", "yw-config\yw-config.vcxproj", "{12F54AB5-EC93-4E17-A652-E1620667FDDB}"
	ProjectSection(ProjectDependencies) = postProject
		{53F368BF-5AE1-4D98-BF66-E2D100E90E8C} = {53F368BF-5AE1-4D98-BF66-E2D100E90E8C}
	EndProjectSection
EndProject
Project("{8BC9CEB8-8B4A-11D0-8D11-00A0C91BC942}") = "yw-config-tests", "yw-config-tests\yw-config-tests.vcxproj", "{B7DDCEEB-6E83-4B42-A9B5-C88F75EEFCE7}"
	ProjectSection(ProjectDependencies) = postProject
		{CE3C782F-29AF-4822-90F5-4D83FE7E4140} = {CE3C782F-29AF-4822-90F5-4D83FE7E4140}
		{12F54AB5-EC93-4E17-A652-E1620667FDDB} = {12F54AB5-EC93-4E17-A652-E1620667FDDB}
		{53F368BF-5AE1-4D98-BF66-E2D100E90E8C} = {53F368BF-5AE1-4D98-BF66-E2D100E90E8C}
		{19688ECD-0F81-4E43-BD3C-62E45B9725A1} = {19688ECD-0F81-4E43-BD3C-62E45B9725A1}
	EndProjectSection
EndProject
Project("{8BC9CEB8-8B4A-11D0-8D11-00A0C91BC942}") = "yw-graph", "yw-graph\yw-graph.vcxproj", "{EA928567-D2AB-4353-B0CB-43461B488643}"
	ProjectSection(ProjectDependencies) = postProject
		{2D4FE63C-61E8-486F-A3BC-65CB44CDFF28} = {2D4FE63C-61E8-486F-A3BC-65CB44CDFF28}
		{B511807B-8856-43EF-BD68-8B26D18642D4} = {B511807B-8856-43EF-BD68-8B26D18642D4}
		{12F54AB5-EC93-4E17-A652-E1620667FDDB} = {12F54AB5-EC93-4E17-A652-E1620667FDDB}
		{53F368BF-5AE1-4D98-BF66-E2D100E90E8C} = {53F368BF-5AE1-4D98-BF66-E2D100E90E8C}
	EndProjectSection
EndProject
Project("{8BC9CEB8-8B4A-11D0-8D11-00A0C91BC942}") = "yw-graph-tests", "yw-graph-tests\yw-graph-tests.vcxproj", "{4189621D-7C32-4FB0-B429-A0EFF2153C92}"
	ProjectSection(ProjectDependencies) = postProject
		{CE3C782F-29AF-4822-90F5-4D83FE7E4140} = {CE3C782F-29AF-4822-90F5-4D83FE7E4140}
		{EA928567-D2AB-4353-B0CB-43461B488643} = {EA928567-D2AB-4353-B0CB-43461B488643}
		{53F368BF-5AE1-4D98-BF66-E2D100E90E8C} = {53F368BF-5AE1-4D98-BF66-E2D100E90E8C}
	EndProjectSection
EndProject
Project("{2150E333-8FDC-42A3-9474-1A3956D46DE8}") = "yw-config", "yw-config", "{04A78B96-15F8-4BC6-A2AB-7C85D03218F1}"
	ProjectSection(SolutionItems) = preProject
		..\gcc\yw-config\Makefile = ..\gcc\yw-config\Makefile
	EndProjectSection
EndProject
Project("{2150E333-8FDC-42A3-9474-1A3956D46DE8}") = "yw-config-tests", "yw-config-tests", "{35F9A935-896A-4707-BC10-6C782D0CFF15}"
	ProjectSection(SolutionItems) = preProject
		..\gcc\yw-config-tests\Makefile = ..\gcc\yw-config-tests\Makefile
		..\gcc\yw-config-tests\test_runner.cpp = ..\gcc\yw-config-tests\test_runner.cpp
	EndProjectSection
EndProject
Project("{2150E333-8FDC-42A3-9474-1A3956D46DE8}") = "yw-cli", "yw-cli", "{9265BA67-55E9-4668-B0A5-393C123F37D5}"
	ProjectSection(SolutionItems) = preProject
		..\gcc\yw-cli\Makefile = ..\gcc\yw-cli\Makefile
	EndProjectSection
EndProject
Project("{2150E333-8FDC-42A3-9474-1A3956D46DE8}") = "yw-cli-tests", "yw-cli-tests", "{F1EC2F6B-014F-4064-B2C5-F37172E156E9}"
	ProjectSection(SolutionItems) = preProject
		..\gcc\yw-cli-tests\Makefile = ..\gcc\yw-cli-tests\Makefile
		..\gcc\yw-cli-tests\test_runner.cpp = ..\gcc\yw-cli-tests\test_runner.cpp
	EndProjectSection
EndProject
Project("{2150E333-8FDC-42A3-9474-1A3956D46DE8}") = "yw-graph", "yw-graph", "{FB1DBF02-D35F-41A4-AC9D-4B32AF832202}"
	ProjectSection(SolutionItems) = preProject
		..\gcc\yw-graph\Makefile = ..\gcc\yw-graph\Makefile
	EndProjectSection
EndProject
Project("{2150E333-8FDC-42A3-9474-1A3956D46DE8}") = "yw-graph-tests", "yw-graph-tests", "{030CC283-17BD-4E92-A6BE-D5CF949F5570}"
	ProjectSection(SolutionItems) = preProject
		..\gcc\yw-graph-tests\Makefile = ..\gcc\yw-graph-tests\Makefile
		..\gcc\yw-graph-tests\test_runner.cpp = ..\gcc\yw-graph-tests\test_runner.cpp
	EndProjectSection
EndProject
Project("{2150E333-8FDC-42A3-9474-1A3956D46DE8}") = "yw-graph-app", "yw-graph-app", "{C4AA4D95-423C-4BF5-9CDA-8C50DF668B36}"
	ProjectSection(SolutionItems) = preProject
		..\gcc\yw-graph-app\Makefile = ..\gcc\yw-graph-app\Makefile
	EndProjectSection
EndProject
Project("{2150E333-8FDC-42A3-9474-1A3956D46DE8}") = "graphviz-lib", "graphviz-lib", "{BFFDE3BA-F86B-4FCA-A0B1-D4D035806F75}"
	ProjectSection(SolutionItems) = preProject
		..\gcc\graphviz-lib\gvplugin_core.c = ..\gcc\graphviz-lib\gvplugin_core.c
		..\gcc\graphviz-lib\Makefile = ..\gcc\graphviz-lib\Makefile
	EndProjectSection
EndProject
Project("{8BC9CEB8-8B4A-11D0-8D11-00A0C91BC942}") = "yw-graphviz", "yw-graphviz\yw-graphviz.vcxproj", "{2D4FE63C-61E8-486F-A3BC-65CB44CDFF28}"
	ProjectSection(ProjectDependencies) = postProject
		{53F368BF-5AE1-4D98-BF66-E2D100E90E8C} = {53F368BF-5AE1-4D98-BF66-E2D100E90E8C}
	EndProjectSection
EndProject
Project("{8BC9CEB8-8B4A-11D0-8D11-00A0C91BC942}") = "yw-graphviz-tests", "yw-graphviz-tests\yw-graphviz-tests.vcxproj", "{14AB3C13-B88C-4E4A-91C9-4088BE9C36AF}"
	ProjectSection(ProjectDependencies) = postProject
		{2D4FE63C-61E8-486F-A3BC-65CB44CDFF28} = {2D4FE63C-61E8-486F-A3BC-65CB44CDFF28}
		{53F368BF-5AE1-4D98-BF66-E2D100E90E8C} = {53F368BF-5AE1-4D98-BF66-E2D100E90E8C}
	EndProjectSection
EndProject
Project("{2150E333-8FDC-42A3-9474-1A3956D46DE8}") = "msys2", "msys2", "{4FFEE26C-A586-4DEC-A7B7-E61F3DE416D4}"
	ProjectSection(SolutionItems) = preProject
		..\gcc\graphviz-lib\msys2\builddate.h = ..\gcc\graphviz-lib\msys2\builddate.h
		..\gcc\graphviz-lib\msys2\config.h = ..\gcc\graphviz-lib\msys2\config.h
		..\gcc\graphviz-lib\msys2\ps_font_equiv.h = ..\gcc\graphviz-lib\msys2\ps_font_equiv.h
	EndProjectSection
EndProject
Project("{2150E333-8FDC-42A3-9474-1A3956D46DE8}") = "yw-graphviz", "yw-graphviz", "{4520D083-3914-444C-9B11-590BDD272DC5}"
	ProjectSection(SolutionItems) = preProject
		..\gcc\yw-graphviz\Makefile = ..\gcc\yw-graphviz\Makefile
	EndProjectSection
EndProject
Project("{2150E333-8FDC-42A3-9474-1A3956D46DE8}") = "yw-graphviz-tests", "yw-graphviz-tests", "{FE656FA7-CC96-49A7-928B-F4C05547E52E}"
	ProjectSection(SolutionItems) = preProject
		..\gcc\yw-graphviz-tests\Makefile = ..\gcc\yw-graphviz-tests\Makefile
		..\gcc\yw-graphviz-tests\test_runner.cpp = ..\gcc\yw-graphviz-tests\test_runner.cpp
	EndProjectSection
EndProject
Project("{8BC9CEB8-8B4A-11D0-8D11-00A0C91BC942}") = "yw-common", "yw-common\yw-common.vcxproj", "{53F368BF-5AE1-4D98-BF66-E2D100E90E8C}"
EndProject
Project("{8BC9CEB8-8B4A-11D0-8D11-00A0C91BC942}") = "yw-common-tests", "yw-common-tests\yw-common-tests.vcxproj", "{3A4D1390-CA9B-4CBE-88DC-E75131E1AAAC}"
	ProjectSection(ProjectDependencies) = postProject
		{53F368BF-5AE1-4D98-BF66-E2D100E90E8C} = {53F368BF-5AE1-4D98-BF66-E2D100E90E8C}
	EndProjectSection
EndProject
Project("{2150E333-8FDC-42A3-9474-1A3956D46DE8}") = "yw-common", "yw-common", "{549611AB-FBB2-4168-BCBB-99335AF54FDC}"
	ProjectSection(SolutionItems) = preProject
		..\gcc\yw-common\Makefile = ..\gcc\yw-common\Makefile
	EndProjectSection
EndProject
Global
	GlobalSection(SolutionConfigurationPlatforms) = preSolution
		Debug|Any CPU = Debug|Any CPU
		Debug|x64 = Debug|x64
		Debug|x86 = Debug|x86
		Release|Any CPU = Release|Any CPU
		Release|x64 = Release|x64
		Release|x86 = Release|x86
	EndGlobalSection
	GlobalSection(ProjectConfigurationPlatforms) = postSolution
		{158B1288-0CC1-426B-8967-800EDBD8C278}.Debug|Any CPU.ActiveCfg = Debug|Win32
		{158B1288-0CC1-426B-8967-800EDBD8C278}.Debug|x64.ActiveCfg = Debug|x64
		{158B1288-0CC1-426B-8967-800EDBD8C278}.Debug|x64.Build.0 = Debug|x64
		{158B1288-0CC1-426B-8967-800EDBD8C278}.Debug|x86.ActiveCfg = Debug|Win32
		{158B1288-0CC1-426B-8967-800EDBD8C278}.Debug|x86.Build.0 = Debug|Win32
		{158B1288-0CC1-426B-8967-800EDBD8C278}.Release|Any CPU.ActiveCfg = Release|Win32
		{158B1288-0CC1-426B-8967-800EDBD8C278}.Release|x64.ActiveCfg = Release|x64
		{158B1288-0CC1-426B-8967-800EDBD8C278}.Release|x64.Build.0 = Release|x64
		{158B1288-0CC1-426B-8967-800EDBD8C278}.Release|x86.ActiveCfg = Release|Win32
		{158B1288-0CC1-426B-8967-800EDBD8C278}.Release|x86.Build.0 = Release|Win32
		{7579AE60-7552-4A34-95D3-B360323FDAC0}.Debug|Any CPU.ActiveCfg = Debug|Win32
		{7579AE60-7552-4A34-95D3-B360323FDAC0}.Debug|x64.ActiveCfg = Debug|x64
		{7579AE60-7552-4A34-95D3-B360323FDAC0}.Debug|x64.Build.0 = Debug|x64
		{7579AE60-7552-4A34-95D3-B360323FDAC0}.Debug|x86.ActiveCfg = Debug|Win32
		{7579AE60-7552-4A34-95D3-B360323FDAC0}.Debug|x86.Build.0 = Debug|Win32
		{7579AE60-7552-4A34-95D3-B360323FDAC0}.Release|Any CPU.ActiveCfg = Release|Win32
		{7579AE60-7552-4A34-95D3-B360323FDAC0}.Release|x64.ActiveCfg = Release|x64
		{7579AE60-7552-4A34-95D3-B360323FDAC0}.Release|x64.Build.0 = Release|x64
		{7579AE60-7552-4A34-95D3-B360323FDAC0}.Release|x86.ActiveCfg = Release|Win32
		{7579AE60-7552-4A34-95D3-B360323FDAC0}.Release|x86.Build.0 = Release|Win32
		{0270BA81-F73E-4AC9-B3C8-094F3F697BBD}.Debug|Any CPU.ActiveCfg = Debug|Win32
		{0270BA81-F73E-4AC9-B3C8-094F3F697BBD}.Debug|x64.ActiveCfg = Debug|x64
		{0270BA81-F73E-4AC9-B3C8-094F3F697BBD}.Debug|x64.Build.0 = Debug|x64
		{0270BA81-F73E-4AC9-B3C8-094F3F697BBD}.Debug|x86.ActiveCfg = Debug|Win32
		{0270BA81-F73E-4AC9-B3C8-094F3F697BBD}.Debug|x86.Build.0 = Debug|Win32
		{0270BA81-F73E-4AC9-B3C8-094F3F697BBD}.Release|Any CPU.ActiveCfg = Release|Win32
		{0270BA81-F73E-4AC9-B3C8-094F3F697BBD}.Release|x64.ActiveCfg = Release|x64
		{0270BA81-F73E-4AC9-B3C8-094F3F697BBD}.Release|x64.Build.0 = Release|x64
		{0270BA81-F73E-4AC9-B3C8-094F3F697BBD}.Release|x86.ActiveCfg = Release|Win32
		{0270BA81-F73E-4AC9-B3C8-094F3F697BBD}.Release|x86.Build.0 = Release|Win32
		{2C3F23FE-F54E-4B9D-85FE-44889E06073A}.Debug|Any CPU.ActiveCfg = Debug|Win32
		{2C3F23FE-F54E-4B9D-85FE-44889E06073A}.Debug|x64.ActiveCfg = Debug|x64
		{2C3F23FE-F54E-4B9D-85FE-44889E06073A}.Debug|x64.Build.0 = Debug|x64
		{2C3F23FE-F54E-4B9D-85FE-44889E06073A}.Debug|x86.ActiveCfg = Debug|Win32
		{2C3F23FE-F54E-4B9D-85FE-44889E06073A}.Debug|x86.Build.0 = Debug|Win32
		{2C3F23FE-F54E-4B9D-85FE-44889E06073A}.Release|Any CPU.ActiveCfg = Release|Win32
		{2C3F23FE-F54E-4B9D-85FE-44889E06073A}.Release|x64.ActiveCfg = Release|x64
		{2C3F23FE-F54E-4B9D-85FE-44889E06073A}.Release|x64.Build.0 = Release|x64
		{2C3F23FE-F54E-4B9D-85FE-44889E06073A}.Release|x86.ActiveCfg = Release|Win32
		{2C3F23FE-F54E-4B9D-85FE-44889E06073A}.Release|x86.Build.0 = Release|Win32
		{A0DCDC47-DD79-4C67-B41D-DAAFE4328654}.Debug|Any CPU.ActiveCfg = Debug|Win32
		{A0DCDC47-DD79-4C67-B41D-DAAFE4328654}.Debug|x64.ActiveCfg = Debug|x64
		{A0DCDC47-DD79-4C67-B41D-DAAFE4328654}.Debug|x64.Build.0 = Debug|x64
		{A0DCDC47-DD79-4C67-B41D-DAAFE4328654}.Debug|x86.ActiveCfg = Debug|Win32
		{A0DCDC47-DD79-4C67-B41D-DAAFE4328654}.Debug|x86.Build.0 = Debug|Win32
		{A0DCDC47-DD79-4C67-B41D-DAAFE4328654}.Release|Any CPU.ActiveCfg = Release|Win32
		{A0DCDC47-DD79-4C67-B41D-DAAFE4328654}.Release|x64.ActiveCfg = Release|x64
		{A0DCDC47-DD79-4C67-B41D-DAAFE4328654}.Release|x64.Build.0 = Release|x64
		{A0DCDC47-DD79-4C67-B41D-DAAFE4328654}.Release|x86.ActiveCfg = Release|Win32
		{A0DCDC47-DD79-4C67-B41D-DAAFE4328654}.Release|x86.Build.0 = Release|Win32
		{9CD083F8-A23A-4F54-B5F0-5840A92FB619}.Debug|Any CPU.ActiveCfg = Debug|Win32
		{9CD083F8-A23A-4F54-B5F0-5840A92FB619}.Debug|x64.ActiveCfg = Debug|x64
		{9CD083F8-A23A-4F54-B5F0-5840A92FB619}.Debug|x64.Build.0 = Debug|x64
		{9CD083F8-A23A-4F54-B5F0-5840A92FB619}.Debug|x86.ActiveCfg = Debug|Win32
		{9CD083F8-A23A-4F54-B5F0-5840A92FB619}.Debug|x86.Build.0 = Debug|Win32
		{9CD083F8-A23A-4F54-B5F0-5840A92FB619}.Release|Any CPU.ActiveCfg = Release|Win32
		{9CD083F8-A23A-4F54-B5F0-5840A92FB619}.Release|x64.ActiveCfg = Release|x64
		{9CD083F8-A23A-4F54-B5F0-5840A92FB619}.Release|x64.Build.0 = Release|x64
		{9CD083F8-A23A-4F54-B5F0-5840A92FB619}.Release|x86.ActiveCfg = Release|Win32
		{9CD083F8-A23A-4F54-B5F0-5840A92FB619}.Release|x86.Build.0 = Release|Win32
		{79981E0C-55C7-403D-93F3-F113C9DA9F98}.Debug|Any CPU.ActiveCfg = Debug|Win32
		{79981E0C-55C7-403D-93F3-F113C9DA9F98}.Debug|x64.ActiveCfg = Debug|x64
		{79981E0C-55C7-403D-93F3-F113C9DA9F98}.Debug|x64.Build.0 = Debug|x64
		{79981E0C-55C7-403D-93F3-F113C9DA9F98}.Debug|x86.ActiveCfg = Debug|Win32
		{79981E0C-55C7-403D-93F3-F113C9DA9F98}.Debug|x86.Build.0 = Debug|Win32
		{79981E0C-55C7-403D-93F3-F113C9DA9F98}.Release|Any CPU.ActiveCfg = Release|Win32
		{79981E0C-55C7-403D-93F3-F113C9DA9F98}.Release|x64.ActiveCfg = Release|x64
		{79981E0C-55C7-403D-93F3-F113C9DA9F98}.Release|x64.Build.0 = Release|x64
		{79981E0C-55C7-403D-93F3-F113C9DA9F98}.Release|x86.ActiveCfg = Release|Win32
		{79981E0C-55C7-403D-93F3-F113C9DA9F98}.Release|x86.Build.0 = Release|Win32
		{CE3C782F-29AF-4822-90F5-4D83FE7E4140}.Debug|Any CPU.ActiveCfg = Debug|Win32
		{CE3C782F-29AF-4822-90F5-4D83FE7E4140}.Debug|x64.ActiveCfg = Debug|x64
		{CE3C782F-29AF-4822-90F5-4D83FE7E4140}.Debug|x64.Build.0 = Debug|x64
		{CE3C782F-29AF-4822-90F5-4D83FE7E4140}.Debug|x86.ActiveCfg = Debug|Win32
		{CE3C782F-29AF-4822-90F5-4D83FE7E4140}.Debug|x86.Build.0 = Debug|Win32
		{CE3C782F-29AF-4822-90F5-4D83FE7E4140}.Release|Any CPU.ActiveCfg = Release|Win32
		{CE3C782F-29AF-4822-90F5-4D83FE7E4140}.Release|x64.ActiveCfg = Release|x64
		{CE3C782F-29AF-4822-90F5-4D83FE7E4140}.Release|x64.Build.0 = Release|x64
		{CE3C782F-29AF-4822-90F5-4D83FE7E4140}.Release|x86.ActiveCfg = Release|Win32
		{CE3C782F-29AF-4822-90F5-4D83FE7E4140}.Release|x86.Build.0 = Release|Win32
		{A6E1D227-30CF-40E3-A9E7-AE1DC0387AF6}.Debug|Any CPU.ActiveCfg = Debug|Win32
		{A6E1D227-30CF-40E3-A9E7-AE1DC0387AF6}.Debug|x64.ActiveCfg = Debug|x64
		{A6E1D227-30CF-40E3-A9E7-AE1DC0387AF6}.Debug|x64.Build.0 = Debug|x64
		{A6E1D227-30CF-40E3-A9E7-AE1DC0387AF6}.Debug|x86.ActiveCfg = Debug|Win32
		{A6E1D227-30CF-40E3-A9E7-AE1DC0387AF6}.Debug|x86.Build.0 = Debug|Win32
		{A6E1D227-30CF-40E3-A9E7-AE1DC0387AF6}.Release|Any CPU.ActiveCfg = Release|Win32
		{A6E1D227-30CF-40E3-A9E7-AE1DC0387AF6}.Release|x64.ActiveCfg = Release|x64
		{A6E1D227-30CF-40E3-A9E7-AE1DC0387AF6}.Release|x64.Build.0 = Release|x64
		{A6E1D227-30CF-40E3-A9E7-AE1DC0387AF6}.Release|x86.ActiveCfg = Release|Win32
		{A6E1D227-30CF-40E3-A9E7-AE1DC0387AF6}.Release|x86.Build.0 = Release|Win32
		{D6FB9826-7E50-44DA-822E-F0A27F2A4CCE}.Debug|Any CPU.ActiveCfg = Debug|Win32
		{D6FB9826-7E50-44DA-822E-F0A27F2A4CCE}.Debug|x64.ActiveCfg = Debug|x64
		{D6FB9826-7E50-44DA-822E-F0A27F2A4CCE}.Debug|x64.Build.0 = Debug|x64
		{D6FB9826-7E50-44DA-822E-F0A27F2A4CCE}.Debug|x86.ActiveCfg = Debug|Win32
		{D6FB9826-7E50-44DA-822E-F0A27F2A4CCE}.Debug|x86.Build.0 = Debug|Win32
		{D6FB9826-7E50-44DA-822E-F0A27F2A4CCE}.Release|Any CPU.ActiveCfg = Release|Win32
		{D6FB9826-7E50-44DA-822E-F0A27F2A4CCE}.Release|x64.ActiveCfg = Release|x64
		{D6FB9826-7E50-44DA-822E-F0A27F2A4CCE}.Release|x64.Build.0 = Release|x64
		{D6FB9826-7E50-44DA-822E-F0A27F2A4CCE}.Release|x86.ActiveCfg = Release|Win32
		{D6FB9826-7E50-44DA-822E-F0A27F2A4CCE}.Release|x86.Build.0 = Release|Win32
		{DCC389A5-1968-493B-9BEC-633C9F0EC79A}.Debug|Any CPU.ActiveCfg = Debug|Win32
		{DCC389A5-1968-493B-9BEC-633C9F0EC79A}.Debug|x64.ActiveCfg = Debug|x64
		{DCC389A5-1968-493B-9BEC-633C9F0EC79A}.Debug|x64.Build.0 = Debug|x64
		{DCC389A5-1968-493B-9BEC-633C9F0EC79A}.Debug|x86.ActiveCfg = Debug|Win32
		{DCC389A5-1968-493B-9BEC-633C9F0EC79A}.Debug|x86.Build.0 = Debug|Win32
		{DCC389A5-1968-493B-9BEC-633C9F0EC79A}.Release|Any CPU.ActiveCfg = Release|Win32
		{DCC389A5-1968-493B-9BEC-633C9F0EC79A}.Release|x64.ActiveCfg = Release|x64
		{DCC389A5-1968-493B-9BEC-633C9F0EC79A}.Release|x64.Build.0 = Release|x64
		{DCC389A5-1968-493B-9BEC-633C9F0EC79A}.Release|x86.ActiveCfg = Release|Win32
		{DCC389A5-1968-493B-9BEC-633C9F0EC79A}.Release|x86.Build.0 = Release|Win32
		{B511807B-8856-43EF-BD68-8B26D18642D4}.Debug|Any CPU.ActiveCfg = Debug|Win32
		{B511807B-8856-43EF-BD68-8B26D18642D4}.Debug|x64.ActiveCfg = Debug|x64
		{B511807B-8856-43EF-BD68-8B26D18642D4}.Debug|x64.Build.0 = Debug|x64
		{B511807B-8856-43EF-BD68-8B26D18642D4}.Debug|x86.ActiveCfg = Debug|Win32
		{B511807B-8856-43EF-BD68-8B26D18642D4}.Debug|x86.Build.0 = Debug|Win32
		{B511807B-8856-43EF-BD68-8B26D18642D4}.Release|Any CPU.ActiveCfg = Release|Win32
		{B511807B-8856-43EF-BD68-8B26D18642D4}.Release|x64.ActiveCfg = Release|x64
		{B511807B-8856-43EF-BD68-8B26D18642D4}.Release|x64.Build.0 = Release|x64
		{B511807B-8856-43EF-BD68-8B26D18642D4}.Release|x86.ActiveCfg = Release|Win32
		{B511807B-8856-43EF-BD68-8B26D18642D4}.Release|x86.Build.0 = Release|Win32
		{BC393008-BFA3-432D-A015-5B2099BEEAB2}.Debug|Any CPU.ActiveCfg = Debug|Win32
		{BC393008-BFA3-432D-A015-5B2099BEEAB2}.Debug|x64.ActiveCfg = Debug|x64
		{BC393008-BFA3-432D-A015-5B2099BEEAB2}.Debug|x64.Build.0 = Debug|x64
		{BC393008-BFA3-432D-A015-5B2099BEEAB2}.Debug|x86.ActiveCfg = Debug|Win32
		{BC393008-BFA3-432D-A015-5B2099BEEAB2}.Debug|x86.Build.0 = Debug|Win32
		{BC393008-BFA3-432D-A015-5B2099BEEAB2}.Release|Any CPU.ActiveCfg = Release|Win32
		{BC393008-BFA3-432D-A015-5B2099BEEAB2}.Release|x64.ActiveCfg = Release|x64
		{BC393008-BFA3-432D-A015-5B2099BEEAB2}.Release|x64.Build.0 = Release|x64
		{BC393008-BFA3-432D-A015-5B2099BEEAB2}.Release|x86.ActiveCfg = Release|Win32
		{BC393008-BFA3-432D-A015-5B2099BEEAB2}.Release|x86.Build.0 = Release|Win32
		{19688ECD-0F81-4E43-BD3C-62E45B9725A1}.Debug|Any CPU.ActiveCfg = Debug|Win32
		{19688ECD-0F81-4E43-BD3C-62E45B9725A1}.Debug|x64.ActiveCfg = Debug|x64
		{19688ECD-0F81-4E43-BD3C-62E45B9725A1}.Debug|x64.Build.0 = Debug|x64
		{19688ECD-0F81-4E43-BD3C-62E45B9725A1}.Debug|x86.ActiveCfg = Debug|Win32
		{19688ECD-0F81-4E43-BD3C-62E45B9725A1}.Debug|x86.Build.0 = Debug|Win32
		{19688ECD-0F81-4E43-BD3C-62E45B9725A1}.Release|Any CPU.ActiveCfg = Release|Win32
		{19688ECD-0F81-4E43-BD3C-62E45B9725A1}.Release|x64.ActiveCfg = Release|x64
		{19688ECD-0F81-4E43-BD3C-62E45B9725A1}.Release|x64.Build.0 = Release|x64
		{19688ECD-0F81-4E43-BD3C-62E45B9725A1}.Release|x86.ActiveCfg = Release|Win32
		{19688ECD-0F81-4E43-BD3C-62E45B9725A1}.Release|x86.Build.0 = Release|Win32
		{238C5976-E68F-483B-8813-B006351BB6EB}.Debug|Any CPU.ActiveCfg = Debug|Win32
		{238C5976-E68F-483B-8813-B006351BB6EB}.Debug|x64.ActiveCfg = Debug|x64
		{238C5976-E68F-483B-8813-B006351BB6EB}.Debug|x64.Build.0 = Debug|x64
		{238C5976-E68F-483B-8813-B006351BB6EB}.Debug|x86.ActiveCfg = Debug|Win32
		{238C5976-E68F-483B-8813-B006351BB6EB}.Debug|x86.Build.0 = Debug|Win32
		{238C5976-E68F-483B-8813-B006351BB6EB}.Release|Any CPU.ActiveCfg = Release|Win32
		{238C5976-E68F-483B-8813-B006351BB6EB}.Release|x64.ActiveCfg = Release|x64
		{238C5976-E68F-483B-8813-B006351BB6EB}.Release|x64.Build.0 = Release|x64
		{238C5976-E68F-483B-8813-B006351BB6EB}.Release|x86.ActiveCfg = Release|Win32
		{238C5976-E68F-483B-8813-B006351BB6EB}.Release|x86.Build.0 = Release|Win32
		{12F54AB5-EC93-4E17-A652-E1620667FDDB}.Debug|Any CPU.ActiveCfg = Debug|Win32
		{12F54AB5-EC93-4E17-A652-E1620667FDDB}.Debug|x64.ActiveCfg = Debug|x64
		{12F54AB5-EC93-4E17-A652-E1620667FDDB}.Debug|x64.Build.0 = Debug|x64
		{12F54AB5-EC93-4E17-A652-E1620667FDDB}.Debug|x86.ActiveCfg = Debug|Win32
		{12F54AB5-EC93-4E17-A652-E1620667FDDB}.Debug|x86.Build.0 = Debug|Win32
		{12F54AB5-EC93-4E17-A652-E1620667FDDB}.Release|Any CPU.ActiveCfg = Release|Win32
		{12F54AB5-EC93-4E17-A652-E1620667FDDB}.Release|x64.ActiveCfg = Release|x64
		{12F54AB5-EC93-4E17-A652-E1620667FDDB}.Release|x64.Build.0 = Release|x64
		{12F54AB5-EC93-4E17-A652-E1620667FDDB}.Release|x86.ActiveCfg = Release|Win32
		{12F54AB5-EC93-4E17-A652-E1620667FDDB}.Release|x86.Build.0 = Release|Win32
		{B7DDCEEB-6E83-4B42-A9B5-C88F75EEFCE7}.Debug|Any CPU.ActiveCfg = Debug|Win32
		{B7DDCEEB-6E83-4B42-A9B5-C88F75EEFCE7}.Debug|x64.ActiveCfg = Debug|x64
		{B7DDCEEB-6E83-4B42-A9B5-C88F75EEFCE7}.Debug|x64.Build.0 = Debug|x64
		{B7DDCEEB-6E83-4B42-A9B5-C88F75EEFCE7}.Debug|x86.ActiveCfg = Debug|Win32
		{B7DDCEEB-6E83-4B42-A9B5-C88F75EEFCE7}.Debug|x86.Build.0 = Debug|Win32
		{B7DDCEEB-6E83-4B42-A9B5-C88F75EEFCE7}.Release|Any CPU.ActiveCfg = Release|Win32
		{B7DDCEEB-6E83-4B42-A9B5-C88F75EEFCE7}.Release|x64.ActiveCfg = Release|x64
		{B7DDCEEB-6E83-4B42-A9B5-C88F75EEFCE7}.Release|x64.Build.0 = Release|x64
		{B7DDCEEB-6E83-4B42-A9B5-C88F75EEFCE7}.Release|x86.ActiveCfg = Release|Win32
		{B7DDCEEB-6E83-4B42-A9B5-C88F75EEFCE7}.Release|x86.Build.0 = Release|Win32
		{EA928567-D2AB-4353-B0CB-43461B488643}.Debug|Any CPU.ActiveCfg = Debug|Win32
		{EA928567-D2AB-4353-B0CB-43461B488643}.Debug|x64.ActiveCfg = Debug|x64
		{EA928567-D2AB-4353-B0CB-43461B488643}.Debug|x64.Build.0 = Debug|x64
		{EA928567-D2AB-4353-B0CB-43461B488643}.Debug|x86.ActiveCfg = Debug|Win32
		{EA928567-D2AB-4353-B0CB-43461B488643}.Debug|x86.Build.0 = Debug|Win32
		{EA928567-D2AB-4353-B0CB-43461B488643}.Release|Any CPU.ActiveCfg = Release|Win32
		{EA928567-D2AB-4353-B0CB-43461B488643}.Release|x64.ActiveCfg = Release|x64
		{EA928567-D2AB-4353-B0CB-43461B488643}.Release|x64.Build.0 = Release|x64
		{EA928567-D2AB-4353-B0CB-43461B488643}.Release|x86.ActiveCfg = Release|Win32
		{EA928567-D2AB-4353-B0CB-43461B488643}.Release|x86.Build.0 = Release|Win32
		{4189621D-7C32-4FB0-B429-A0EFF2153C92}.Debug|Any CPU.ActiveCfg = Debug|Win32
		{4189621D-7C32-4FB0-B429-A0EFF2153C92}.Debug|x64.ActiveCfg = Debug|x64
		{4189621D-7C32-4FB0-B429-A0EFF2153C92}.Debug|x64.Build.0 = Debug|x64
		{4189621D-7C32-4FB0-B429-A0EFF2153C92}.Debug|x86.ActiveCfg = Debug|Win32
		{4189621D-7C32-4FB0-B429-A0EFF2153C92}.Debug|x86.Build.0 = Debug|Win32
		{4189621D-7C32-4FB0-B429-A0EFF2153C92}.Release|Any CPU.ActiveCfg = Release|Win32
		{4189621D-7C32-4FB0-B429-A0EFF2153C92}.Release|x64.ActiveCfg = Release|x64
		{4189621D-7C32-4FB0-B429-A0EFF2153C92}.Release|x64.Build.0 = Release|x64
		{4189621D-7C32-4FB0-B429-A0EFF2153C92}.Release|x86.ActiveCfg = Release|Win32
		{4189621D-7C32-4FB0-B429-A0EFF2153C92}.Release|x86.Build.0 = Release|Win32
		{2D4FE63C-61E8-486F-A3BC-65CB44CDFF28}.Debug|Any CPU.ActiveCfg = Debug|Win32
		{2D4FE63C-61E8-486F-A3BC-65CB44CDFF28}.Debug|x64.ActiveCfg = Debug|x64
		{2D4FE63C-61E8-486F-A3BC-65CB44CDFF28}.Debug|x64.Build.0 = Debug|x64
		{2D4FE63C-61E8-486F-A3BC-65CB44CDFF28}.Debug|x86.ActiveCfg = Debug|Win32
		{2D4FE63C-61E8-486F-A3BC-65CB44CDFF28}.Debug|x86.Build.0 = Debug|Win32
		{2D4FE63C-61E8-486F-A3BC-65CB44CDFF28}.Release|Any CPU.ActiveCfg = Release|Win32
		{2D4FE63C-61E8-486F-A3BC-65CB44CDFF28}.Release|x64.ActiveCfg = Release|x64
		{2D4FE63C-61E8-486F-A3BC-65CB44CDFF28}.Release|x64.Build.0 = Release|x64
		{2D4FE63C-61E8-486F-A3BC-65CB44CDFF28}.Release|x86.ActiveCfg = Release|Win32
		{2D4FE63C-61E8-486F-A3BC-65CB44CDFF28}.Release|x86.Build.0 = Release|Win32
		{14AB3C13-B88C-4E4A-91C9-4088BE9C36AF}.Debug|Any CPU.ActiveCfg = Debug|Win32
		{14AB3C13-B88C-4E4A-91C9-4088BE9C36AF}.Debug|x64.ActiveCfg = Debug|x64
		{14AB3C13-B88C-4E4A-91C9-4088BE9C36AF}.Debug|x64.Build.0 = Debug|x64
		{14AB3C13-B88C-4E4A-91C9-4088BE9C36AF}.Debug|x86.ActiveCfg = Debug|Win32
		{14AB3C13-B88C-4E4A-91C9-4088BE9C36AF}.Debug|x86.Build.0 = Debug|Win32
		{14AB3C13-B88C-4E4A-91C9-4088BE9C36AF}.Release|Any CPU.ActiveCfg = Release|Win32
		{14AB3C13-B88C-4E4A-91C9-4088BE9C36AF}.Release|x64.ActiveCfg = Release|x64
		{14AB3C13-B88C-4E4A-91C9-4088BE9C36AF}.Release|x64.Build.0 = Release|x64
		{14AB3C13-B88C-4E4A-91C9-4088BE9C36AF}.Release|x86.ActiveCfg = Release|Win32
		{14AB3C13-B88C-4E4A-91C9-4088BE9C36AF}.Release|x86.Build.0 = Release|Win32
		{53F368BF-5AE1-4D98-BF66-E2D100E90E8C}.Debug|Any CPU.ActiveCfg = Debug|Win32
		{53F368BF-5AE1-4D98-BF66-E2D100E90E8C}.Debug|x64.ActiveCfg = Debug|x64
		{53F368BF-5AE1-4D98-BF66-E2D100E90E8C}.Debug|x64.Build.0 = Debug|x64
		{53F368BF-5AE1-4D98-BF66-E2D100E90E8C}.Debug|x86.ActiveCfg = Debug|Win32
		{53F368BF-5AE1-4D98-BF66-E2D100E90E8C}.Debug|x86.Build.0 = Debug|Win32
		{53F368BF-5AE1-4D98-BF66-E2D100E90E8C}.Release|Any CPU.ActiveCfg = Release|Win32
		{53F368BF-5AE1-4D98-BF66-E2D100E90E8C}.Release|x64.ActiveCfg = Release|x64
		{53F368BF-5AE1-4D98-BF66-E2D100E90E8C}.Release|x64.Build.0 = Release|x64
		{53F368BF-5AE1-4D98-BF66-E2D100E90E8C}.Release|x86.ActiveCfg = Release|Win32
		{53F368BF-5AE1-4D98-BF66-E2D100E90E8C}.Release|x86.Build.0 = Release|Win32
		{3A4D1390-CA9B-4CBE-88DC-E75131E1AAAC}.Debug|Any CPU.ActiveCfg = Debug|Win32
		{3A4D1390-CA9B-4CBE-88DC-E75131E1AAAC}.Debug|x64.ActiveCfg = Debug|x64
		{3A4D1390-CA9B-4CBE-88DC-E75131E1AAAC}.Debug|x64.Build.0 = Debug|x64
		{3A4D1390-CA9B-4CBE-88DC-E75131E1AAAC}.Debug|x86.ActiveCfg = Debug|Win32
		{3A4D1390-CA9B-4CBE-88DC-E75131E1AAAC}.Debug|x86.Build.0 = Debug|Win32
		{3A4D1390-CA9B-4CBE-88DC-E75131E1AAAC}.Release|Any CPU.ActiveCfg = Release|Win32
		{3A4D1390-CA9B-4CBE-88DC-E75131E1AAAC}.Release|x64.ActiveCfg = Release|x64
		{3A4D1390-CA9B-4CBE-88DC-E75131E1AAAC}.Release|x64.Build.0 = Release|x64
		{3A4D1390-CA9B-4CBE-88DC-E75131E1AAAC}.Release|x86.ActiveCfg = Release|Win32
		{3A4D1390-CA9B-4CBE-88DC-E75131E1AAAC}.Release|x86.Build.0 = Release|Win32
	EndGlobalSection
	GlobalSection(SolutionProperties) = preSolution
		HideSolutionNode = FALSE
	EndGlobalSection
	GlobalSection(NestedProjects) = preSolution
		{203206B4-5E83-4272-AAE2-5E67A9BCECA4} = {67337B64-473B-4676-AF06-D1EDCE123B6D}
		{19EA0903-BE1B-4FE4-8279-368B9192BA3B} = {67337B64-473B-4676-AF06-D1EDCE123B6D}
		{2F12580A-55E3-4EEA-BB07-CC4DA5383679} = {67337B64-473B-4676-AF06-D1EDCE123B6D}
		{286D0585-35D6-4C98-8008-4F8E9FC2A0B7} = {67337B64-473B-4676-AF06-D1EDCE123B6D}
		{958B3ADE-6F2C-4DB7-A6C6-9375994443DF} = {67337B64-473B-4676-AF06-D1EDCE123B6D}
		{A31E37FD-6C4F-4E69-8C51-ECFDBF18C286} = {67337B64-473B-4676-AF06-D1EDCE123B6D}
		{ACE83BC1-EE99-4B92-9FA7-DE1C1BFCAA36} = {67337B64-473B-4676-AF06-D1EDCE123B6D}
		{0685CE66-0727-45BF-8BA7-BE8AB2F0B1CC} = {67337B64-473B-4676-AF06-D1EDCE123B6D}
		{3EA2063B-5DB0-4F41-8BBD-BA968E77DB47} = {67337B64-473B-4676-AF06-D1EDCE123B6D}
		{472791FF-4381-475E-B0B9-52B813158FC5} = {67337B64-473B-4676-AF06-D1EDCE123B6D}
		{FA84A0C2-DAD6-40D6-850B-AC4E44A4C65C} = {67337B64-473B-4676-AF06-D1EDCE123B6D}
		{919F1D73-BBEE-4C1B-8F85-1700B0071489} = {67337B64-473B-4676-AF06-D1EDCE123B6D}
		{50BDBC51-F79F-446C-8B28-EF8EF190B6EA} = {67337B64-473B-4676-AF06-D1EDCE123B6D}
		{04A78B96-15F8-4BC6-A2AB-7C85D03218F1} = {67337B64-473B-4676-AF06-D1EDCE123B6D}
		{35F9A935-896A-4707-BC10-6C782D0CFF15} = {67337B64-473B-4676-AF06-D1EDCE123B6D}
		{9265BA67-55E9-4668-B0A5-393C123F37D5} = {67337B64-473B-4676-AF06-D1EDCE123B6D}
		{F1EC2F6B-014F-4064-B2C5-F37172E156E9} = {67337B64-473B-4676-AF06-D1EDCE123B6D}
		{FB1DBF02-D35F-41A4-AC9D-4B32AF832202} = {67337B64-473B-4676-AF06-D1EDCE123B6D}
		{030CC283-17BD-4E92-A6BE-D5CF949F5570} = {67337B64-473B-4676-AF06-D1EDCE123B6D}
		{C4AA4D95-423C-4BF5-9CDA-8C50DF668B36} = {67337B64-473B-4676-AF06-D1EDCE123B6D}
		{BFFDE3BA-F86B-4FCA-A0B1-D4D035806F75} = {67337B64-473B-4676-AF06-D1EDCE123B6D}
		{4FFEE26C-A586-4DEC-A7B7-E61F3DE416D4} = {BFFDE3BA-F86B-4FCA-A0B1-D4D035806F75}
		{4520D083-3914-444C-9B11-590BDD272DC5} = {67337B64-473B-4676-AF06-D1EDCE123B6D}
		{FE656FA7-CC96-49A7-928B-F4C05547E52E} = {67337B64-473B-4676-AF06-D1EDCE123B6D}
		{549611AB-FBB2-4168-BCBB-99335AF54FDC} = {67337B64-473B-4676-AF06-D1EDCE123B6D}
	EndGlobalSection
	GlobalSection(ExtensibilityGlobals) = postSolution
		SolutionGuid = {9AEF8164-5EBC-432F-98B9-C7C5704935A3}
	EndGlobalSection
EndGlobal
