
Microsoft Visual Studio Solution File, Format Version 12.00
# Visual Studio 15
VisualStudioVersion = 15.0.26730.10
MinimumVisualStudioVersion = 10.0.40219.1
Project("{8BC9CEB8-8B4A-11D0-8D11-00A0C91BC942}") = "yw-extract", "yw-extract\yw-extract.vcxproj", "{158B1288-0CC1-426B-8967-800EDBD8C278}"
	ProjectSection(ProjectDependencies) = postProject
		{7579AE60-7552-4A34-95D3-B360323FDAC0} = {7579AE60-7552-4A34-95D3-B360323FDAC0}
		{9CD083F8-A23A-4F54-B5F0-5840A92FB619} = {9CD083F8-A23A-4F54-B5F0-5840A92FB619}
		{2C3F23FE-F54E-4B9D-85FE-44889E06073A} = {2C3F23FE-F54E-4B9D-85FE-44889E06073A}
	EndProjectSection
EndProject
Project("{8BC9CEB8-8B4A-11D0-8D11-00A0C91BC942}") = "yw-parse", "yw-parse\yw-parse.vcxproj", "{7579AE60-7552-4A34-95D3-B360323FDAC0}"
EndProject
Project("{8BC9CEB8-8B4A-11D0-8D11-00A0C91BC942}") = "yw-parse-tests", "yw-parse-tests\yw-parse-tests.vcxproj", "{0270BA81-F73E-4AC9-B3C8-094F3F697BBD}"
	ProjectSection(ProjectDependencies) = postProject
		{CE3C782F-29AF-4822-90F5-4D83FE7E4140} = {CE3C782F-29AF-4822-90F5-4D83FE7E4140}
		{7579AE60-7552-4A34-95D3-B360323FDAC0} = {7579AE60-7552-4A34-95D3-B360323FDAC0}
	EndProjectSection
EndProject
Project("{8BC9CEB8-8B4A-11D0-8D11-00A0C91BC942}") = "yw-db", "yw-db\yw-db.vcxproj", "{2C3F23FE-F54E-4B9D-85FE-44889E06073A}"
	ProjectSection(ProjectDependencies) = postProject
		{9CD083F8-A23A-4F54-B5F0-5840A92FB619} = {9CD083F8-A23A-4F54-B5F0-5840A92FB619}
	EndProjectSection
EndProject
Project("{8BC9CEB8-8B4A-11D0-8D11-00A0C91BC942}") = "yw-db-tests", "yw-db-tests\yw-db-tests.vcxproj", "{A0DCDC47-DD79-4C67-B41D-DAAFE4328654}"
	ProjectSection(ProjectDependencies) = postProject
		{CE3C782F-29AF-4822-90F5-4D83FE7E4140} = {CE3C782F-29AF-4822-90F5-4D83FE7E4140}
		{2C3F23FE-F54E-4B9D-85FE-44889E06073A} = {2C3F23FE-F54E-4B9D-85FE-44889E06073A}
	EndProjectSection
EndProject
Project("{8BC9CEB8-8B4A-11D0-8D11-00A0C91BC942}") = "sqlite-db", "sqlite-db\sqlite-db.vcxproj", "{9CD083F8-A23A-4F54-B5F0-5840A92FB619}"
EndProject
Project("{8BC9CEB8-8B4A-11D0-8D11-00A0C91BC942}") = "sqlite-db-tests", "sqlite-db-tests\sqlite-db-tests.vcxproj", "{79981E0C-55C7-403D-93F3-F113C9DA9F98}"
	ProjectSection(ProjectDependencies) = postProject
		{CE3C782F-29AF-4822-90F5-4D83FE7E4140} = {CE3C782F-29AF-4822-90F5-4D83FE7E4140}
		{9CD083F8-A23A-4F54-B5F0-5840A92FB619} = {9CD083F8-A23A-4F54-B5F0-5840A92FB619}
	EndProjectSection
EndProject
Project("{8BC9CEB8-8B4A-11D0-8D11-00A0C91BC942}") = "yw-test", "yw-test\yw-test.vcxproj", "{CE3C782F-29AF-4822-90F5-4D83FE7E4140}"
EndProject
Project("{8BC9CEB8-8B4A-11D0-8D11-00A0C91BC942}") = "yw-extract-tests", "yw-extract-tests\yw-extract-tests.vcxproj", "{A6E1D227-30CF-40E3-A9E7-AE1DC0387AF6}"
	ProjectSection(ProjectDependencies) = postProject
		{CE3C782F-29AF-4822-90F5-4D83FE7E4140} = {CE3C782F-29AF-4822-90F5-4D83FE7E4140}
		{7579AE60-7552-4A34-95D3-B360323FDAC0} = {7579AE60-7552-4A34-95D3-B360323FDAC0}
		{158B1288-0CC1-426B-8967-800EDBD8C278} = {158B1288-0CC1-426B-8967-800EDBD8C278}
		{9CD083F8-A23A-4F54-B5F0-5840A92FB619} = {9CD083F8-A23A-4F54-B5F0-5840A92FB619}
		{2C3F23FE-F54E-4B9D-85FE-44889E06073A} = {2C3F23FE-F54E-4B9D-85FE-44889E06073A}
	EndProjectSection
EndProject
Project("{8BC9CEB8-8B4A-11D0-8D11-00A0C91BC942}") = "yw-types", "yw-types\yw-types.vcxproj", "{7FF323B9-9432-48FA-8B1A-090062B6440B}"
EndProject
Project("{8BC9CEB8-8B4A-11D0-8D11-00A0C91BC942}") = "yw-extract-app", "yw-extract-app\yw-extract-app.vcxproj", "{D6FB9826-7E50-44DA-822E-F0A27F2A4CCE}"
	ProjectSection(ProjectDependencies) = postProject
		{158B1288-0CC1-426B-8967-800EDBD8C278} = {158B1288-0CC1-426B-8967-800EDBD8C278}
	EndProjectSection
EndProject
Project("{8BC9CEB8-8B4A-11D0-8D11-00A0C91BC942}") = "yw-graph-app", "yw-graph-app\yw-graph-app.vcxproj", "{DCC389A5-1968-493B-9BEC-633C9F0EC79A}"
EndProject
Project("{8BC9CEB8-8B4A-11D0-8D11-00A0C91BC942}") = "yw-model", "yw-model\yw-model.vcxproj", "{B511807B-8856-43EF-BD68-8B26D18642D4}"
	ProjectSection(ProjectDependencies) = postProject
		{CE3C782F-29AF-4822-90F5-4D83FE7E4140} = {CE3C782F-29AF-4822-90F5-4D83FE7E4140}
		{7579AE60-7552-4A34-95D3-B360323FDAC0} = {7579AE60-7552-4A34-95D3-B360323FDAC0}
		{158B1288-0CC1-426B-8967-800EDBD8C278} = {158B1288-0CC1-426B-8967-800EDBD8C278}
	EndProjectSection
EndProject
Project("{8BC9CEB8-8B4A-11D0-8D11-00A0C91BC942}") = "yw-model-tests", "yw-model-tests\yw-model-tests.vcxproj", "{BC393008-BFA3-432D-A015-5B2099BEEAB2}"
	ProjectSection(ProjectDependencies) = postProject
		{CE3C782F-29AF-4822-90F5-4D83FE7E4140} = {CE3C782F-29AF-4822-90F5-4D83FE7E4140}
		{7579AE60-7552-4A34-95D3-B360323FDAC0} = {7579AE60-7552-4A34-95D3-B360323FDAC0}
		{B511807B-8856-43EF-BD68-8B26D18642D4} = {B511807B-8856-43EF-BD68-8B26D18642D4}
		{158B1288-0CC1-426B-8967-800EDBD8C278} = {158B1288-0CC1-426B-8967-800EDBD8C278}
		{7FF323B9-9432-48FA-8B1A-090062B6440B} = {7FF323B9-9432-48FA-8B1A-090062B6440B}
		{9CD083F8-A23A-4F54-B5F0-5840A92FB619} = {9CD083F8-A23A-4F54-B5F0-5840A92FB619}
		{2C3F23FE-F54E-4B9D-85FE-44889E06073A} = {2C3F23FE-F54E-4B9D-85FE-44889E06073A}
	EndProjectSection
EndProject
Project("{2150E333-8FDC-42A3-9474-1A3956D46DE8}") = "documentation", "documentation", "{3DE16776-1FA8-46EC-B7C7-E48E11F1C258}"
	ProjectSection(SolutionItems) = preProject
		..\README.md = ..\README.md
	EndProjectSection
EndProject
Project("{2150E333-8FDC-42A3-9474-1A3956D46DE8}") = "gcc", "gcc", "{67337B64-473B-4676-AF06-D1EDCE123B6D}"
	ProjectSection(SolutionItems) = preProject
		..\gcc\cpp.setup.makefile = ..\gcc\cpp.setup.makefile
		..\gcc\lib.targets.makefile = ..\gcc\lib.targets.makefile
		..\gcc\Makefile = ..\gcc\Makefile
		..\gcc\test.targets.makefile = ..\gcc\test.targets.makefile
		..\gcc\tests.setup.makefile = ..\gcc\tests.setup.makefile
		..\gcc\yw.setup.makefile = ..\gcc\yw.setup.makefile
	EndProjectSection
EndProject
Project("{2150E333-8FDC-42A3-9474-1A3956D46DE8}") = "sqlite-db-tests", "sqlite-db-tests", "{203206B4-5E83-4272-AAE2-5E67A9BCECA4}"
	ProjectSection(SolutionItems) = preProject
		..\gcc\sqlite-db-tests\Makefile = ..\gcc\sqlite-db-tests\Makefile
		..\gcc\sqlite-db-tests\test_runner.cpp = ..\gcc\sqlite-db-tests\test_runner.cpp
	EndProjectSection
EndProject
Project("{2150E333-8FDC-42A3-9474-1A3956D46DE8}") = "yw-extract-tests", "yw-extract-tests", "{19EA0903-BE1B-4FE4-8279-368B9192BA3B}"
	ProjectSection(SolutionItems) = preProject
		..\gcc\yw-extract-tests\Makefile = ..\gcc\yw-extract-tests\Makefile
		..\gcc\yw-extract-tests\test_runner.cpp = ..\gcc\yw-extract-tests\test_runner.cpp
	EndProjectSection
EndProject
Project("{2150E333-8FDC-42A3-9474-1A3956D46DE8}") = "yw-db-tests", "yw-db-tests", "{2F12580A-55E3-4EEA-BB07-CC4DA5383679}"
	ProjectSection(SolutionItems) = preProject
		..\gcc\yw-db-tests\Makefile = ..\gcc\yw-db-tests\Makefile
		..\gcc\yw-db-tests\test_runner.cpp = ..\gcc\yw-db-tests\test_runner.cpp
	EndProjectSection
EndProject
Project("{2150E333-8FDC-42A3-9474-1A3956D46DE8}") = "yw-parse-tests", "yw-parse-tests", "{286D0585-35D6-4C98-8008-4F8E9FC2A0B7}"
	ProjectSection(SolutionItems) = preProject
		..\gcc\yw-parse-tests\Makefile = ..\gcc\yw-parse-tests\Makefile
		..\gcc\yw-parse-tests\test_runner.cpp = ..\gcc\yw-parse-tests\test_runner.cpp
	EndProjectSection
EndProject
Project("{2150E333-8FDC-42A3-9474-1A3956D46DE8}") = "antlr4-runtime", "antlr4-runtime", "{958B3ADE-6F2C-4DB7-A6C6-9375994443DF}"
	ProjectSection(SolutionItems) = preProject
		..\gcc\antlr4-runtime\Makefile = ..\gcc\antlr4-runtime\Makefile
	EndProjectSection
EndProject
Project("{2150E333-8FDC-42A3-9474-1A3956D46DE8}") = "sqlite3", "sqlite3", "{A31E37FD-6C4F-4E69-8C51-ECFDBF18C286}"
	ProjectSection(SolutionItems) = preProject
		..\gcc\sqlite3\Makefile = ..\gcc\sqlite3\Makefile
	EndProjectSection
EndProject
Project("{2150E333-8FDC-42A3-9474-1A3956D46DE8}") = "sqlite-db", "sqlite-db", "{ACE83BC1-EE99-4B92-9FA7-DE1C1BFCAA36}"
	ProjectSection(SolutionItems) = preProject
		..\gcc\sqlite-db\Makefile = ..\gcc\sqlite-db\Makefile
	EndProjectSection
EndProject
Project("{2150E333-8FDC-42A3-9474-1A3956D46DE8}") = "yw-db", "yw-db", "{0685CE66-0727-45BF-8BA7-BE8AB2F0B1CC}"
	ProjectSection(SolutionItems) = preProject
		..\gcc\yw-db\Makefile = ..\gcc\yw-db\Makefile
	EndProjectSection
EndProject
Project("{2150E333-8FDC-42A3-9474-1A3956D46DE8}") = "yw-extract", "yw-extract", "{3EA2063B-5DB0-4F41-8BBD-BA968E77DB47}"
	ProjectSection(SolutionItems) = preProject
		..\gcc\yw-extract\Makefile = ..\gcc\yw-extract\Makefile
	EndProjectSection
EndProject
Project("{2150E333-8FDC-42A3-9474-1A3956D46DE8}") = "yw-parse", "yw-parse", "{472791FF-4381-475E-B0B9-52B813158FC5}"
	ProjectSection(SolutionItems) = preProject
		..\gcc\yw-parse\Makefile = ..\gcc\yw-parse\Makefile
	EndProjectSection
EndProject
Project("{2150E333-8FDC-42A3-9474-1A3956D46DE8}") = "yw-model-tests", "yw-model-tests", "{FA84A0C2-DAD6-40D6-850B-AC4E44A4C65C}"
	ProjectSection(SolutionItems) = preProject
		..\gcc\yw-model-tests\Makefile = ..\gcc\yw-model-tests\Makefile
	EndProjectSection
EndProject
Project("{2150E333-8FDC-42A3-9474-1A3956D46DE8}") = "yw-model", "yw-model", "{919F1D73-BBEE-4C1B-8F85-1700B0071489}"
	ProjectSection(SolutionItems) = preProject
		..\gcc\yw-model\Makefile = ..\gcc\yw-model\Makefile
	EndProjectSection
EndProject
Global
	GlobalSection(SolutionConfigurationPlatforms) = preSolution
		Debug|Any CPU = Debug|Any CPU
		Debug|x64 = Debug|x64
		Debug|x86 = Debug|x86
		Release|Any CPU = Release|Any CPU
		Release|x64 = Release|x64
		Release|x86 = Release|x86
	EndGlobalSection
	GlobalSection(ProjectConfigurationPlatforms) = postSolution
		{158B1288-0CC1-426B-8967-800EDBD8C278}.Debug|Any CPU.ActiveCfg = Debug|Win32
		{158B1288-0CC1-426B-8967-800EDBD8C278}.Debug|x64.ActiveCfg = Debug|x64
		{158B1288-0CC1-426B-8967-800EDBD8C278}.Debug|x64.Build.0 = Debug|x64
		{158B1288-0CC1-426B-8967-800EDBD8C278}.Debug|x86.ActiveCfg = Debug|Win32
		{158B1288-0CC1-426B-8967-800EDBD8C278}.Debug|x86.Build.0 = Debug|Win32
		{158B1288-0CC1-426B-8967-800EDBD8C278}.Release|Any CPU.ActiveCfg = Release|Win32
		{158B1288-0CC1-426B-8967-800EDBD8C278}.Release|x64.ActiveCfg = Release|x64
		{158B1288-0CC1-426B-8967-800EDBD8C278}.Release|x64.Build.0 = Release|x64
		{158B1288-0CC1-426B-8967-800EDBD8C278}.Release|x86.ActiveCfg = Release|Win32
		{158B1288-0CC1-426B-8967-800EDBD8C278}.Release|x86.Build.0 = Release|Win32
		{7579AE60-7552-4A34-95D3-B360323FDAC0}.Debug|Any CPU.ActiveCfg = Debug|Win32
		{7579AE60-7552-4A34-95D3-B360323FDAC0}.Debug|x64.ActiveCfg = Debug|x64
		{7579AE60-7552-4A34-95D3-B360323FDAC0}.Debug|x64.Build.0 = Debug|x64
		{7579AE60-7552-4A34-95D3-B360323FDAC0}.Debug|x86.ActiveCfg = Debug|Win32
		{7579AE60-7552-4A34-95D3-B360323FDAC0}.Debug|x86.Build.0 = Debug|Win32
		{7579AE60-7552-4A34-95D3-B360323FDAC0}.Release|Any CPU.ActiveCfg = Release|Win32
		{7579AE60-7552-4A34-95D3-B360323FDAC0}.Release|x64.ActiveCfg = Release|x64
		{7579AE60-7552-4A34-95D3-B360323FDAC0}.Release|x64.Build.0 = Release|x64
		{7579AE60-7552-4A34-95D3-B360323FDAC0}.Release|x86.ActiveCfg = Release|Win32
		{7579AE60-7552-4A34-95D3-B360323FDAC0}.Release|x86.Build.0 = Release|Win32
		{0270BA81-F73E-4AC9-B3C8-094F3F697BBD}.Debug|Any CPU.ActiveCfg = Debug|Win32
		{0270BA81-F73E-4AC9-B3C8-094F3F697BBD}.Debug|x64.ActiveCfg = Debug|x64
		{0270BA81-F73E-4AC9-B3C8-094F3F697BBD}.Debug|x64.Build.0 = Debug|x64
		{0270BA81-F73E-4AC9-B3C8-094F3F697BBD}.Debug|x86.ActiveCfg = Debug|Win32
		{0270BA81-F73E-4AC9-B3C8-094F3F697BBD}.Debug|x86.Build.0 = Debug|Win32
		{0270BA81-F73E-4AC9-B3C8-094F3F697BBD}.Release|Any CPU.ActiveCfg = Release|Win32
		{0270BA81-F73E-4AC9-B3C8-094F3F697BBD}.Release|x64.ActiveCfg = Release|x64
		{0270BA81-F73E-4AC9-B3C8-094F3F697BBD}.Release|x64.Build.0 = Release|x64
		{0270BA81-F73E-4AC9-B3C8-094F3F697BBD}.Release|x86.ActiveCfg = Release|Win32
		{0270BA81-F73E-4AC9-B3C8-094F3F697BBD}.Release|x86.Build.0 = Release|Win32
		{2C3F23FE-F54E-4B9D-85FE-44889E06073A}.Debug|Any CPU.ActiveCfg = Debug|Win32
		{2C3F23FE-F54E-4B9D-85FE-44889E06073A}.Debug|x64.ActiveCfg = Debug|x64
		{2C3F23FE-F54E-4B9D-85FE-44889E06073A}.Debug|x64.Build.0 = Debug|x64
		{2C3F23FE-F54E-4B9D-85FE-44889E06073A}.Debug|x86.ActiveCfg = Debug|Win32
		{2C3F23FE-F54E-4B9D-85FE-44889E06073A}.Debug|x86.Build.0 = Debug|Win32
		{2C3F23FE-F54E-4B9D-85FE-44889E06073A}.Release|Any CPU.ActiveCfg = Release|Win32
		{2C3F23FE-F54E-4B9D-85FE-44889E06073A}.Release|x64.ActiveCfg = Release|x64
		{2C3F23FE-F54E-4B9D-85FE-44889E06073A}.Release|x64.Build.0 = Release|x64
		{2C3F23FE-F54E-4B9D-85FE-44889E06073A}.Release|x86.ActiveCfg = Release|Win32
		{2C3F23FE-F54E-4B9D-85FE-44889E06073A}.Release|x86.Build.0 = Release|Win32
		{A0DCDC47-DD79-4C67-B41D-DAAFE4328654}.Debug|Any CPU.ActiveCfg = Debug|Win32
		{A0DCDC47-DD79-4C67-B41D-DAAFE4328654}.Debug|x64.ActiveCfg = Debug|x64
		{A0DCDC47-DD79-4C67-B41D-DAAFE4328654}.Debug|x64.Build.0 = Debug|x64
		{A0DCDC47-DD79-4C67-B41D-DAAFE4328654}.Debug|x86.ActiveCfg = Debug|Win32
		{A0DCDC47-DD79-4C67-B41D-DAAFE4328654}.Debug|x86.Build.0 = Debug|Win32
		{A0DCDC47-DD79-4C67-B41D-DAAFE4328654}.Release|Any CPU.ActiveCfg = Release|Win32
		{A0DCDC47-DD79-4C67-B41D-DAAFE4328654}.Release|x64.ActiveCfg = Release|x64
		{A0DCDC47-DD79-4C67-B41D-DAAFE4328654}.Release|x64.Build.0 = Release|x64
		{A0DCDC47-DD79-4C67-B41D-DAAFE4328654}.Release|x86.ActiveCfg = Release|Win32
		{A0DCDC47-DD79-4C67-B41D-DAAFE4328654}.Release|x86.Build.0 = Release|Win32
		{9CD083F8-A23A-4F54-B5F0-5840A92FB619}.Debug|Any CPU.ActiveCfg = Debug|Win32
		{9CD083F8-A23A-4F54-B5F0-5840A92FB619}.Debug|x64.ActiveCfg = Debug|x64
		{9CD083F8-A23A-4F54-B5F0-5840A92FB619}.Debug|x64.Build.0 = Debug|x64
		{9CD083F8-A23A-4F54-B5F0-5840A92FB619}.Debug|x86.ActiveCfg = Debug|Win32
		{9CD083F8-A23A-4F54-B5F0-5840A92FB619}.Debug|x86.Build.0 = Debug|Win32
		{9CD083F8-A23A-4F54-B5F0-5840A92FB619}.Release|Any CPU.ActiveCfg = Release|Win32
		{9CD083F8-A23A-4F54-B5F0-5840A92FB619}.Release|x64.ActiveCfg = Release|x64
		{9CD083F8-A23A-4F54-B5F0-5840A92FB619}.Release|x64.Build.0 = Release|x64
		{9CD083F8-A23A-4F54-B5F0-5840A92FB619}.Release|x86.ActiveCfg = Release|Win32
		{9CD083F8-A23A-4F54-B5F0-5840A92FB619}.Release|x86.Build.0 = Release|Win32
		{79981E0C-55C7-403D-93F3-F113C9DA9F98}.Debug|Any CPU.ActiveCfg = Debug|Win32
		{79981E0C-55C7-403D-93F3-F113C9DA9F98}.Debug|x64.ActiveCfg = Debug|x64
		{79981E0C-55C7-403D-93F3-F113C9DA9F98}.Debug|x64.Build.0 = Debug|x64
		{79981E0C-55C7-403D-93F3-F113C9DA9F98}.Debug|x86.ActiveCfg = Debug|Win32
		{79981E0C-55C7-403D-93F3-F113C9DA9F98}.Debug|x86.Build.0 = Debug|Win32
		{79981E0C-55C7-403D-93F3-F113C9DA9F98}.Release|Any CPU.ActiveCfg = Release|Win32
		{79981E0C-55C7-403D-93F3-F113C9DA9F98}.Release|x64.ActiveCfg = Release|x64
		{79981E0C-55C7-403D-93F3-F113C9DA9F98}.Release|x64.Build.0 = Release|x64
		{79981E0C-55C7-403D-93F3-F113C9DA9F98}.Release|x86.ActiveCfg = Release|Win32
		{79981E0C-55C7-403D-93F3-F113C9DA9F98}.Release|x86.Build.0 = Release|Win32
		{CE3C782F-29AF-4822-90F5-4D83FE7E4140}.Debug|Any CPU.ActiveCfg = Debug|Win32
		{CE3C782F-29AF-4822-90F5-4D83FE7E4140}.Debug|x64.ActiveCfg = Debug|x64
		{CE3C782F-29AF-4822-90F5-4D83FE7E4140}.Debug|x64.Build.0 = Debug|x64
		{CE3C782F-29AF-4822-90F5-4D83FE7E4140}.Debug|x86.ActiveCfg = Debug|Win32
		{CE3C782F-29AF-4822-90F5-4D83FE7E4140}.Debug|x86.Build.0 = Debug|Win32
		{CE3C782F-29AF-4822-90F5-4D83FE7E4140}.Release|Any CPU.ActiveCfg = Release|Win32
		{CE3C782F-29AF-4822-90F5-4D83FE7E4140}.Release|x64.ActiveCfg = Release|x64
		{CE3C782F-29AF-4822-90F5-4D83FE7E4140}.Release|x64.Build.0 = Release|x64
		{CE3C782F-29AF-4822-90F5-4D83FE7E4140}.Release|x86.ActiveCfg = Release|Win32
		{CE3C782F-29AF-4822-90F5-4D83FE7E4140}.Release|x86.Build.0 = Release|Win32
		{A6E1D227-30CF-40E3-A9E7-AE1DC0387AF6}.Debug|Any CPU.ActiveCfg = Debug|Win32
		{A6E1D227-30CF-40E3-A9E7-AE1DC0387AF6}.Debug|x64.ActiveCfg = Debug|x64
		{A6E1D227-30CF-40E3-A9E7-AE1DC0387AF6}.Debug|x64.Build.0 = Debug|x64
		{A6E1D227-30CF-40E3-A9E7-AE1DC0387AF6}.Debug|x86.ActiveCfg = Debug|Win32
		{A6E1D227-30CF-40E3-A9E7-AE1DC0387AF6}.Debug|x86.Build.0 = Debug|Win32
		{A6E1D227-30CF-40E3-A9E7-AE1DC0387AF6}.Release|Any CPU.ActiveCfg = Release|Win32
		{A6E1D227-30CF-40E3-A9E7-AE1DC0387AF6}.Release|x64.ActiveCfg = Release|x64
		{A6E1D227-30CF-40E3-A9E7-AE1DC0387AF6}.Release|x64.Build.0 = Release|x64
		{A6E1D227-30CF-40E3-A9E7-AE1DC0387AF6}.Release|x86.ActiveCfg = Release|Win32
		{A6E1D227-30CF-40E3-A9E7-AE1DC0387AF6}.Release|x86.Build.0 = Release|Win32
		{7FF323B9-9432-48FA-8B1A-090062B6440B}.Debug|Any CPU.ActiveCfg = Debug|Win32
		{7FF323B9-9432-48FA-8B1A-090062B6440B}.Debug|x64.ActiveCfg = Debug|x64
		{7FF323B9-9432-48FA-8B1A-090062B6440B}.Debug|x64.Build.0 = Debug|x64
		{7FF323B9-9432-48FA-8B1A-090062B6440B}.Debug|x86.ActiveCfg = Debug|Win32
		{7FF323B9-9432-48FA-8B1A-090062B6440B}.Debug|x86.Build.0 = Debug|Win32
		{7FF323B9-9432-48FA-8B1A-090062B6440B}.Release|Any CPU.ActiveCfg = Release|Win32
		{7FF323B9-9432-48FA-8B1A-090062B6440B}.Release|x64.ActiveCfg = Release|x64
		{7FF323B9-9432-48FA-8B1A-090062B6440B}.Release|x64.Build.0 = Release|x64
		{7FF323B9-9432-48FA-8B1A-090062B6440B}.Release|x86.ActiveCfg = Release|Win32
		{7FF323B9-9432-48FA-8B1A-090062B6440B}.Release|x86.Build.0 = Release|Win32
		{D6FB9826-7E50-44DA-822E-F0A27F2A4CCE}.Debug|Any CPU.ActiveCfg = Debug|Win32
		{D6FB9826-7E50-44DA-822E-F0A27F2A4CCE}.Debug|x64.ActiveCfg = Debug|x64
		{D6FB9826-7E50-44DA-822E-F0A27F2A4CCE}.Debug|x64.Build.0 = Debug|x64
		{D6FB9826-7E50-44DA-822E-F0A27F2A4CCE}.Debug|x86.ActiveCfg = Debug|Win32
		{D6FB9826-7E50-44DA-822E-F0A27F2A4CCE}.Debug|x86.Build.0 = Debug|Win32
		{D6FB9826-7E50-44DA-822E-F0A27F2A4CCE}.Release|Any CPU.ActiveCfg = Release|Win32
		{D6FB9826-7E50-44DA-822E-F0A27F2A4CCE}.Release|x64.ActiveCfg = Release|x64
		{D6FB9826-7E50-44DA-822E-F0A27F2A4CCE}.Release|x64.Build.0 = Release|x64
		{D6FB9826-7E50-44DA-822E-F0A27F2A4CCE}.Release|x86.ActiveCfg = Release|Win32
		{D6FB9826-7E50-44DA-822E-F0A27F2A4CCE}.Release|x86.Build.0 = Release|Win32
		{DCC389A5-1968-493B-9BEC-633C9F0EC79A}.Debug|Any CPU.ActiveCfg = Debug|Win32
		{DCC389A5-1968-493B-9BEC-633C9F0EC79A}.Debug|x64.ActiveCfg = Debug|x64
		{DCC389A5-1968-493B-9BEC-633C9F0EC79A}.Debug|x86.ActiveCfg = Debug|Win32
		{DCC389A5-1968-493B-9BEC-633C9F0EC79A}.Debug|x86.Build.0 = Debug|Win32
		{DCC389A5-1968-493B-9BEC-633C9F0EC79A}.Release|Any CPU.ActiveCfg = Release|Win32
		{DCC389A5-1968-493B-9BEC-633C9F0EC79A}.Release|x64.ActiveCfg = Release|x64
		{DCC389A5-1968-493B-9BEC-633C9F0EC79A}.Release|x86.ActiveCfg = Release|Win32
		{DCC389A5-1968-493B-9BEC-633C9F0EC79A}.Release|x86.Build.0 = Release|Win32
		{B511807B-8856-43EF-BD68-8B26D18642D4}.Debug|Any CPU.ActiveCfg = Debug|Win32
		{B511807B-8856-43EF-BD68-8B26D18642D4}.Debug|x64.ActiveCfg = Debug|x64
		{B511807B-8856-43EF-BD68-8B26D18642D4}.Debug|x64.Build.0 = Debug|x64
		{B511807B-8856-43EF-BD68-8B26D18642D4}.Debug|x86.ActiveCfg = Debug|Win32
		{B511807B-8856-43EF-BD68-8B26D18642D4}.Debug|x86.Build.0 = Debug|Win32
		{B511807B-8856-43EF-BD68-8B26D18642D4}.Release|Any CPU.ActiveCfg = Release|Win32
		{B511807B-8856-43EF-BD68-8B26D18642D4}.Release|x64.ActiveCfg = Release|x64
		{B511807B-8856-43EF-BD68-8B26D18642D4}.Release|x64.Build.0 = Release|x64
		{B511807B-8856-43EF-BD68-8B26D18642D4}.Release|x86.ActiveCfg = Release|Win32
		{B511807B-8856-43EF-BD68-8B26D18642D4}.Release|x86.Build.0 = Release|Win32
		{BC393008-BFA3-432D-A015-5B2099BEEAB2}.Debug|Any CPU.ActiveCfg = Debug|Win32
		{BC393008-BFA3-432D-A015-5B2099BEEAB2}.Debug|x64.ActiveCfg = Debug|x64
		{BC393008-BFA3-432D-A015-5B2099BEEAB2}.Debug|x64.Build.0 = Debug|x64
		{BC393008-BFA3-432D-A015-5B2099BEEAB2}.Debug|x86.ActiveCfg = Debug|Win32
		{BC393008-BFA3-432D-A015-5B2099BEEAB2}.Debug|x86.Build.0 = Debug|Win32
		{BC393008-BFA3-432D-A015-5B2099BEEAB2}.Release|Any CPU.ActiveCfg = Release|Win32
		{BC393008-BFA3-432D-A015-5B2099BEEAB2}.Release|x64.ActiveCfg = Release|x64
		{BC393008-BFA3-432D-A015-5B2099BEEAB2}.Release|x64.Build.0 = Release|x64
		{BC393008-BFA3-432D-A015-5B2099BEEAB2}.Release|x86.ActiveCfg = Release|Win32
		{BC393008-BFA3-432D-A015-5B2099BEEAB2}.Release|x86.Build.0 = Release|Win32
	EndGlobalSection
	GlobalSection(SolutionProperties) = preSolution
		HideSolutionNode = FALSE
	EndGlobalSection
	GlobalSection(NestedProjects) = preSolution
		{203206B4-5E83-4272-AAE2-5E67A9BCECA4} = {67337B64-473B-4676-AF06-D1EDCE123B6D}
		{19EA0903-BE1B-4FE4-8279-368B9192BA3B} = {67337B64-473B-4676-AF06-D1EDCE123B6D}
		{2F12580A-55E3-4EEA-BB07-CC4DA5383679} = {67337B64-473B-4676-AF06-D1EDCE123B6D}
		{286D0585-35D6-4C98-8008-4F8E9FC2A0B7} = {67337B64-473B-4676-AF06-D1EDCE123B6D}
		{958B3ADE-6F2C-4DB7-A6C6-9375994443DF} = {67337B64-473B-4676-AF06-D1EDCE123B6D}
		{A31E37FD-6C4F-4E69-8C51-ECFDBF18C286} = {67337B64-473B-4676-AF06-D1EDCE123B6D}
		{ACE83BC1-EE99-4B92-9FA7-DE1C1BFCAA36} = {67337B64-473B-4676-AF06-D1EDCE123B6D}
		{0685CE66-0727-45BF-8BA7-BE8AB2F0B1CC} = {67337B64-473B-4676-AF06-D1EDCE123B6D}
		{3EA2063B-5DB0-4F41-8BBD-BA968E77DB47} = {67337B64-473B-4676-AF06-D1EDCE123B6D}
		{472791FF-4381-475E-B0B9-52B813158FC5} = {67337B64-473B-4676-AF06-D1EDCE123B6D}
		{FA84A0C2-DAD6-40D6-850B-AC4E44A4C65C} = {67337B64-473B-4676-AF06-D1EDCE123B6D}
		{919F1D73-BBEE-4C1B-8F85-1700B0071489} = {67337B64-473B-4676-AF06-D1EDCE123B6D}
	EndGlobalSection
	GlobalSection(ExtensibilityGlobals) = postSolution
		SolutionGuid = {9AEF8164-5EBC-432F-98B9-C7C5704935A3}
	EndGlobalSection
EndGlobal
