<?xml version="1.0" encoding="utf-8"?>
<Project ToolsVersion="4.0" xmlns="http://schemas.microsoft.com/developer/msbuild/2003">
  <ItemGroup>
    <Filter Include="Source Files">
      <UniqueIdentifier>{4FC737F1-C7A5-4376-A066-2A32D752A2FF}</UniqueIdentifier>
      <Extensions>cpp;c;cc;cxx;def;odl;idl;hpj;bat;asm;asmx</Extensions>
    </Filter>
    <Filter Include="Header Files">
      <UniqueIdentifier>{93995380-89BD-4b04-88EB-625FBE52EBFB}</UniqueIdentifier>
      <Extensions>h;hpp;hxx;hm;inl;inc;xsd</Extensions>
    </Filter>
    <Filter Include="Resource Files">
      <UniqueIdentifier>{67DA6AB6-F800-4c08-8B7A-83BB121AAD01}</UniqueIdentifier>
      <Extensions>rc;ico;cur;bmp;dlg;rc2;rct;bin;rgs;gif;jpg;jpeg;jpe;resx;tiff;tif;png;wav;mfcribbon-ms</Extensions>
    </Filter>
    <Filter Include="Header Files\atn">
      <UniqueIdentifier>{587a2726-4856-4d21-937a-fbaebaa90232}</UniqueIdentifier>
    </Filter>
    <Filter Include="Source Files\atn">
      <UniqueIdentifier>{2662156f-1508-4dad-b991-a8298a6db9bf}</UniqueIdentifier>
    </Filter>
    <Filter Include="Source Files\dfa">
      <UniqueIdentifier>{5b1e59b1-7fa5-46a5-8d92-965bd709cca0}</UniqueIdentifier>
    </Filter>
    <Filter Include="Header Files\dfa">
      <UniqueIdentifier>{9de9fe74-5d67-441d-a972-3cebe6dfbfcc}</UniqueIdentifier>
    </Filter>
    <Filter Include="Header Files\misc">
      <UniqueIdentifier>{89fd3896-0ab1-476d-8d64-a57f10a5e73b}</UniqueIdentifier>
    </Filter>
    <Filter Include="Source Files\misc">
      <UniqueIdentifier>{23939d7b-8e11-421e-80eb-b2cfdfdd64e9}</UniqueIdentifier>
    </Filter>
    <Filter Include="Source Files\support">
      <UniqueIdentifier>{05f2bacb-b5b2-4ca3-abe1-ca9a7239ecaa}</UniqueIdentifier>
    </Filter>
    <Filter Include="Header Files\support">
      <UniqueIdentifier>{d3b2ae2d-836b-4c73-8180-aca4ebb7d658}</UniqueIdentifier>
    </Filter>
    <Filter Include="Header Files\tree">
      <UniqueIdentifier>{6674a0f0-c65d-4a00-a9e5-1f243b89d0a2}</UniqueIdentifier>
    </Filter>
    <Filter Include="Source Files\tree">
      <UniqueIdentifier>{1893fffe-7a2b-4708-8ce5-003aa9b749f7}</UniqueIdentifier>
    </Filter>
    <Filter Include="Source Files\tree\pattern">
      <UniqueIdentifier>{053a0632-27bc-4043-b5e8-760951b3b5b9}</UniqueIdentifier>
    </Filter>
    <Filter Include="Header Files\tree\pattern">
      <UniqueIdentifier>{048c180d-44cf-49ca-a7aa-d0053fea07f5}</UniqueIdentifier>
    </Filter>
    <Filter Include="Header Files\tree\xpath">
      <UniqueIdentifier>{3181cae5-cc15-4050-8c45-22af44a823de}</UniqueIdentifier>
    </Filter>
    <Filter Include="Source Files\tree\xpath">
      <UniqueIdentifier>{290632d2-c56e-4005-a417-eb83b9531e1a}</UniqueIdentifier>
    </Filter>
  </ItemGroup>
  <ItemGroup>
    <ClInclude Include="$(ANTLR4_RUNTIME_SRC)\ANTLRErrorListener.h">
      <Filter>Header Files</Filter>
    </ClInclude>
    <ClInclude Include="$(ANTLR4_RUNTIME_SRC)\ANTLRErrorStrategy.h">
      <Filter>Header Files</Filter>
    </ClInclude>
    <ClInclude Include="$(ANTLR4_RUNTIME_SRC)\ANTLRFileStream.h">
      <Filter>Header Files</Filter>
    </ClInclude>
    <ClInclude Include="$(ANTLR4_RUNTIME_SRC)\ANTLRInputStream.h">
      <Filter>Header Files</Filter>
    </ClInclude>
    <ClInclude Include="$(ANTLR4_RUNTIME_SRC)\BailErrorStrategy.h">
      <Filter>Header Files</Filter>
    </ClInclude>
    <ClInclude Include="$(ANTLR4_RUNTIME_SRC)\BaseErrorListener.h">
      <Filter>Header Files</Filter>
    </ClInclude>
    <ClInclude Include="$(ANTLR4_RUNTIME_SRC)\BufferedTokenStream.h">
      <Filter>Header Files</Filter>
    </ClInclude>
    <ClInclude Include="$(ANTLR4_RUNTIME_SRC)\CharStream.h">
      <Filter>Header Files</Filter>
    </ClInclude>
    <ClInclude Include="$(ANTLR4_RUNTIME_SRC)\CommonToken.h">
      <Filter>Header Files</Filter>
    </ClInclude>
    <ClInclude Include="$(ANTLR4_RUNTIME_SRC)\CommonTokenFactory.h">
      <Filter>Header Files</Filter>
    </ClInclude>
    <ClInclude Include="$(ANTLR4_RUNTIME_SRC)\CommonTokenStream.h">
      <Filter>Header Files</Filter>
    </ClInclude>
    <ClInclude Include="$(ANTLR4_RUNTIME_SRC)\ConsoleErrorListener.h">
      <Filter>Header Files</Filter>
    </ClInclude>
    <ClInclude Include="$(ANTLR4_RUNTIME_SRC)\DefaultErrorStrategy.h">
      <Filter>Header Files</Filter>
    </ClInclude>
    <ClInclude Include="$(ANTLR4_RUNTIME_SRC)\DiagnosticErrorListener.h">
      <Filter>Header Files</Filter>
    </ClInclude>
    <ClInclude Include="$(ANTLR4_RUNTIME_SRC)\Exceptions.h">
      <Filter>Header Files</Filter>
    </ClInclude>
    <ClInclude Include="$(ANTLR4_RUNTIME_SRC)\FailedPredicateException.h">
      <Filter>Header Files</Filter>
    </ClInclude>
    <ClInclude Include="$(ANTLR4_RUNTIME_SRC)\InputMismatchException.h">
      <Filter>Header Files</Filter>
    </ClInclude>
    <ClInclude Include="$(ANTLR4_RUNTIME_SRC)\InterpreterRuleContext.h">
      <Filter>Header Files</Filter>
    </ClInclude>
    <ClInclude Include="$(ANTLR4_RUNTIME_SRC)\IntStream.h">
      <Filter>Header Files</Filter>
    </ClInclude>
    <ClInclude Include="$(ANTLR4_RUNTIME_SRC)\Lexer.h">
      <Filter>Header Files</Filter>
    </ClInclude>
    <ClInclude Include="$(ANTLR4_RUNTIME_SRC)\LexerInterpreter.h">
      <Filter>Header Files</Filter>
    </ClInclude>
    <ClInclude Include="$(ANTLR4_RUNTIME_SRC)\LexerNoViableAltException.h">
      <Filter>Header Files</Filter>
    </ClInclude>
    <ClInclude Include="$(ANTLR4_RUNTIME_SRC)\ListTokenSource.h">
      <Filter>Header Files</Filter>
    </ClInclude>
    <ClInclude Include="$(ANTLR4_RUNTIME_SRC)\NoViableAltException.h">
      <Filter>Header Files</Filter>
    </ClInclude>
    <ClInclude Include="$(ANTLR4_RUNTIME_SRC)\Parser.h">
      <Filter>Header Files</Filter>
    </ClInclude>
    <ClInclude Include="$(ANTLR4_RUNTIME_SRC)\ParserInterpreter.h">
      <Filter>Header Files</Filter>
    </ClInclude>
    <ClInclude Include="$(ANTLR4_RUNTIME_SRC)\ParserRuleContext.h">
      <Filter>Header Files</Filter>
    </ClInclude>
    <ClInclude Include="$(ANTLR4_RUNTIME_SRC)\ProxyErrorListener.h">
      <Filter>Header Files</Filter>
    </ClInclude>
    <ClInclude Include="$(ANTLR4_RUNTIME_SRC)\RecognitionException.h">
      <Filter>Header Files</Filter>
    </ClInclude>
    <ClInclude Include="$(ANTLR4_RUNTIME_SRC)\Recognizer.h">
      <Filter>Header Files</Filter>
    </ClInclude>
    <ClInclude Include="$(ANTLR4_RUNTIME_SRC)\RuleContext.h">
      <Filter>Header Files</Filter>
    </ClInclude>
    <ClInclude Include="$(ANTLR4_RUNTIME_SRC)\Token.h">
      <Filter>Header Files</Filter>
    </ClInclude>
    <ClInclude Include="$(ANTLR4_RUNTIME_SRC)\TokenFactory.h">
      <Filter>Header Files</Filter>
    </ClInclude>
    <ClInclude Include="$(ANTLR4_RUNTIME_SRC)\TokenSource.h">
      <Filter>Header Files</Filter>
    </ClInclude>
    <ClInclude Include="$(ANTLR4_RUNTIME_SRC)\TokenStream.h">
      <Filter>Header Files</Filter>
    </ClInclude>
    <ClInclude Include="$(ANTLR4_RUNTIME_SRC)\TokenStreamRewriter.h">
      <Filter>Header Files</Filter>
    </ClInclude>
    <ClInclude Include="$(ANTLR4_RUNTIME_SRC)\UnbufferedCharStream.h">
      <Filter>Header Files</Filter>
    </ClInclude>
    <ClInclude Include="$(ANTLR4_RUNTIME_SRC)\UnbufferedTokenStream.h">
      <Filter>Header Files</Filter>
    </ClInclude>
    <ClInclude Include="$(ANTLR4_RUNTIME_SRC)\WritableToken.h">
      <Filter>Header Files</Filter>
    </ClInclude>
    <ClInclude Include="$(ANTLR4_RUNTIME_SRC)\atn\DecisionState.h">
      <Filter>Header Files\atn</Filter>
    </ClInclude>
    <ClInclude Include="$(ANTLR4_RUNTIME_SRC)\atn\EmptyPredictionContext.h">
      <Filter>Header Files\atn</Filter>
    </ClInclude>
    <ClInclude Include="$(ANTLR4_RUNTIME_SRC)\atn\EpsilonTransition.h">
      <Filter>Header Files\atn</Filter>
    </ClInclude>
    <ClInclude Include="$(ANTLR4_RUNTIME_SRC)\atn\LexerATNConfig.h">
      <Filter>Header Files\atn</Filter>
    </ClInclude>
    <ClInclude Include="$(ANTLR4_RUNTIME_SRC)\atn\LexerATNSimulator.h">
      <Filter>Header Files\atn</Filter>
    </ClInclude>
    <ClInclude Include="$(ANTLR4_RUNTIME_SRC)\atn\LL1Analyzer.h">
      <Filter>Header Files\atn</Filter>
    </ClInclude>
    <ClInclude Include="$(ANTLR4_RUNTIME_SRC)\atn\LoopEndState.h">
      <Filter>Header Files\atn</Filter>
    </ClInclude>
    <ClInclude Include="$(ANTLR4_RUNTIME_SRC)\atn\NotSetTransition.h">
      <Filter>Header Files\atn</Filter>
    </ClInclude>
    <ClInclude Include="$(ANTLR4_RUNTIME_SRC)\atn\OrderedATNConfigSet.h">
      <Filter>Header Files\atn</Filter>
    </ClInclude>
    <ClInclude Include="$(ANTLR4_RUNTIME_SRC)\atn\ParserATNSimulator.h">
      <Filter>Header Files\atn</Filter>
    </ClInclude>
    <ClInclude Include="$(ANTLR4_RUNTIME_SRC)\atn\PlusBlockStartState.h">
      <Filter>Header Files\atn</Filter>
    </ClInclude>
    <ClInclude Include="$(ANTLR4_RUNTIME_SRC)\atn\PlusLoopbackState.h">
      <Filter>Header Files\atn</Filter>
    </ClInclude>
    <ClInclude Include="$(ANTLR4_RUNTIME_SRC)\atn\PrecedencePredicateTransition.h">
      <Filter>Header Files\atn</Filter>
    </ClInclude>
    <ClInclude Include="$(ANTLR4_RUNTIME_SRC)\atn\PredicateTransition.h">
      <Filter>Header Files\atn</Filter>
    </ClInclude>
    <ClInclude Include="$(ANTLR4_RUNTIME_SRC)\atn\PredictionContext.h">
      <Filter>Header Files\atn</Filter>
    </ClInclude>
    <ClInclude Include="$(ANTLR4_RUNTIME_SRC)\atn\PredictionMode.h">
      <Filter>Header Files\atn</Filter>
    </ClInclude>
    <ClInclude Include="$(ANTLR4_RUNTIME_SRC)\atn\RangeTransition.h">
      <Filter>Header Files\atn</Filter>
    </ClInclude>
    <ClInclude Include="$(ANTLR4_RUNTIME_SRC)\atn\RuleStartState.h">
      <Filter>Header Files\atn</Filter>
    </ClInclude>
    <ClInclude Include="$(ANTLR4_RUNTIME_SRC)\atn\RuleStopState.h">
      <Filter>Header Files\atn</Filter>
    </ClInclude>
    <ClInclude Include="$(ANTLR4_RUNTIME_SRC)\atn\RuleTransition.h">
      <Filter>Header Files\atn</Filter>
    </ClInclude>
    <ClInclude Include="$(ANTLR4_RUNTIME_SRC)\atn\SemanticContext.h">
      <Filter>Header Files\atn</Filter>
    </ClInclude>
    <ClInclude Include="$(ANTLR4_RUNTIME_SRC)\atn\SetTransition.h">
      <Filter>Header Files\atn</Filter>
    </ClInclude>
    <ClInclude Include="$(ANTLR4_RUNTIME_SRC)\atn\SingletonPredictionContext.h">
      <Filter>Header Files\atn</Filter>
    </ClInclude>
    <ClInclude Include="$(ANTLR4_RUNTIME_SRC)\atn\StarBlockStartState.h">
      <Filter>Header Files\atn</Filter>
    </ClInclude>
    <ClInclude Include="$(ANTLR4_RUNTIME_SRC)\atn\StarLoopbackState.h">
      <Filter>Header Files\atn</Filter>
    </ClInclude>
    <ClInclude Include="$(ANTLR4_RUNTIME_SRC)\atn\StarLoopEntryState.h">
      <Filter>Header Files\atn</Filter>
    </ClInclude>
    <ClInclude Include="$(ANTLR4_RUNTIME_SRC)\atn\TokensStartState.h">
      <Filter>Header Files\atn</Filter>
    </ClInclude>
    <ClInclude Include="$(ANTLR4_RUNTIME_SRC)\atn\Transition.h">
      <Filter>Header Files\atn</Filter>
    </ClInclude>
    <ClInclude Include="$(ANTLR4_RUNTIME_SRC)\atn\WildcardTransition.h">
      <Filter>Header Files\atn</Filter>
    </ClInclude>
    <ClInclude Include="$(ANTLR4_RUNTIME_SRC)\atn\AbstractPredicateTransition.h">
      <Filter>Header Files\atn</Filter>
    </ClInclude>
    <ClInclude Include="$(ANTLR4_RUNTIME_SRC)\atn\ActionTransition.h">
      <Filter>Header Files\atn</Filter>
    </ClInclude>
    <ClInclude Include="$(ANTLR4_RUNTIME_SRC)\atn\ArrayPredictionContext.h">
      <Filter>Header Files\atn</Filter>
    </ClInclude>
    <ClInclude Include="$(ANTLR4_RUNTIME_SRC)\atn\ATN.h">
      <Filter>Header Files\atn</Filter>
    </ClInclude>
    <ClInclude Include="$(ANTLR4_RUNTIME_SRC)\atn\ATNConfig.h">
      <Filter>Header Files\atn</Filter>
    </ClInclude>
    <ClInclude Include="$(ANTLR4_RUNTIME_SRC)\atn\ATNConfigSet.h">
      <Filter>Header Files\atn</Filter>
    </ClInclude>
    <ClInclude Include="$(ANTLR4_RUNTIME_SRC)\atn\ATNDeserializationOptions.h">
      <Filter>Header Files\atn</Filter>
    </ClInclude>
    <ClInclude Include="$(ANTLR4_RUNTIME_SRC)\atn\ATNDeserializer.h">
      <Filter>Header Files\atn</Filter>
    </ClInclude>
    <ClInclude Include="$(ANTLR4_RUNTIME_SRC)\atn\ATNSerializer.h">
      <Filter>Header Files\atn</Filter>
    </ClInclude>
    <ClInclude Include="$(ANTLR4_RUNTIME_SRC)\atn\ATNSimulator.h">
      <Filter>Header Files\atn</Filter>
    </ClInclude>
    <ClInclude Include="$(ANTLR4_RUNTIME_SRC)\atn\ATNState.h">
      <Filter>Header Files\atn</Filter>
    </ClInclude>
    <ClInclude Include="$(ANTLR4_RUNTIME_SRC)\atn\ATNType.h">
      <Filter>Header Files\atn</Filter>
    </ClInclude>
    <ClInclude Include="$(ANTLR4_RUNTIME_SRC)\atn\AtomTransition.h">
      <Filter>Header Files\atn</Filter>
    </ClInclude>
    <ClInclude Include="$(ANTLR4_RUNTIME_SRC)\atn\BasicBlockStartState.h">
      <Filter>Header Files\atn</Filter>
    </ClInclude>
    <ClInclude Include="$(ANTLR4_RUNTIME_SRC)\atn\BasicState.h">
      <Filter>Header Files\atn</Filter>
    </ClInclude>
    <ClInclude Include="$(ANTLR4_RUNTIME_SRC)\atn\BlockEndState.h">
      <Filter>Header Files\atn</Filter>
    </ClInclude>
    <ClInclude Include="$(ANTLR4_RUNTIME_SRC)\atn\BlockStartState.h">
      <Filter>Header Files\atn</Filter>
    </ClInclude>
    <ClInclude Include="$(ANTLR4_RUNTIME_SRC)\atn\ConfigLookup.h">
      <Filter>Header Files\atn</Filter>
    </ClInclude>
    <ClInclude Include="$(ANTLR4_RUNTIME_SRC)\dfa\LexerDFASerializer.h">
      <Filter>Header Files\dfa</Filter>
    </ClInclude>
    <ClInclude Include="$(ANTLR4_RUNTIME_SRC)\dfa\DFA.h">
      <Filter>Header Files\dfa</Filter>
    </ClInclude>
    <ClInclude Include="$(ANTLR4_RUNTIME_SRC)\dfa\DFASerializer.h">
      <Filter>Header Files\dfa</Filter>
    </ClInclude>
    <ClInclude Include="$(ANTLR4_RUNTIME_SRC)\dfa\DFAState.h">
      <Filter>Header Files\dfa</Filter>
    </ClInclude>
    <ClInclude Include="$(ANTLR4_RUNTIME_SRC)\misc\Interval.h">
      <Filter>Header Files\misc</Filter>
    </ClInclude>
    <ClInclude Include="$(ANTLR4_RUNTIME_SRC)\misc\IntervalSet.h">
      <Filter>Header Files\misc</Filter>
    </ClInclude>
    <ClInclude Include="$(ANTLR4_RUNTIME_SRC)\misc\MurmurHash.h">
      <Filter>Header Files\misc</Filter>
    </ClInclude>
    <ClInclude Include="$(ANTLR4_RUNTIME_SRC)\misc\TestRig.h">
      <Filter>Header Files\misc</Filter>
    </ClInclude>
    <ClInclude Include="$(ANTLR4_RUNTIME_SRC)\support\Arrays.h">
      <Filter>Header Files\support</Filter>
    </ClInclude>
    <ClInclude Include="$(ANTLR4_RUNTIME_SRC)\support\BitSet.h">
      <Filter>Header Files\support</Filter>
    </ClInclude>
    <ClInclude Include="$(ANTLR4_RUNTIME_SRC)\support\CPPUtils.h">
      <Filter>Header Files\support</Filter>
    </ClInclude>
    <ClInclude Include="$(ANTLR4_RUNTIME_SRC)\support\Declarations.h">
      <Filter>Header Files\support</Filter>
    </ClInclude>
    <ClInclude Include="$(ANTLR4_RUNTIME_SRC)\support\guid.h">
      <Filter>Header Files\support</Filter>
    </ClInclude>
    <ClInclude Include="$(ANTLR4_RUNTIME_SRC)\tree\AbstractParseTreeVisitor.h">
      <Filter>Header Files\tree</Filter>
    </ClInclude>
    <ClInclude Include="$(ANTLR4_RUNTIME_SRC)\tree\ErrorNode.h">
      <Filter>Header Files\tree</Filter>
    </ClInclude>
    <ClInclude Include="$(ANTLR4_RUNTIME_SRC)\tree\ErrorNodeImpl.h">
      <Filter>Header Files\tree</Filter>
    </ClInclude>
    <ClInclude Include="$(ANTLR4_RUNTIME_SRC)\tree\ParseTree.h">
      <Filter>Header Files\tree</Filter>
    </ClInclude>
    <ClInclude Include="$(ANTLR4_RUNTIME_SRC)\tree\ParseTreeListener.h">
      <Filter>Header Files\tree</Filter>
    </ClInclude>
    <ClInclude Include="$(ANTLR4_RUNTIME_SRC)\tree\ParseTreeProperty.h">
      <Filter>Header Files\tree</Filter>
    </ClInclude>
    <ClInclude Include="$(ANTLR4_RUNTIME_SRC)\tree\ParseTreeVisitor.h">
      <Filter>Header Files\tree</Filter>
    </ClInclude>
    <ClInclude Include="$(ANTLR4_RUNTIME_SRC)\tree\ParseTreeWalker.h">
      <Filter>Header Files\tree</Filter>
    </ClInclude>
    <ClInclude Include="$(ANTLR4_RUNTIME_SRC)\tree\RuleNode.h">
      <Filter>Header Files\tree</Filter>
    </ClInclude>
    <ClInclude Include="$(ANTLR4_RUNTIME_SRC)\tree\SyntaxTree.h">
      <Filter>Header Files\tree</Filter>
    </ClInclude>
    <ClInclude Include="$(ANTLR4_RUNTIME_SRC)\tree\TerminalNode.h">
      <Filter>Header Files\tree</Filter>
    </ClInclude>
    <ClInclude Include="$(ANTLR4_RUNTIME_SRC)\tree\TerminalNodeImpl.h">
      <Filter>Header Files\tree</Filter>
    </ClInclude>
    <ClInclude Include="$(ANTLR4_RUNTIME_SRC)\tree\Trees.h">
      <Filter>Header Files\tree</Filter>
    </ClInclude>
    <ClInclude Include="$(ANTLR4_RUNTIME_SRC)\tree\pattern\Chunk.h">
      <Filter>Header Files\tree\pattern</Filter>
    </ClInclude>
    <ClInclude Include="$(ANTLR4_RUNTIME_SRC)\tree\pattern\ParseTreeMatch.h">
      <Filter>Header Files\tree\pattern</Filter>
    </ClInclude>
    <ClInclude Include="$(ANTLR4_RUNTIME_SRC)\tree\pattern\ParseTreePattern.h">
      <Filter>Header Files\tree\pattern</Filter>
    </ClInclude>
    <ClInclude Include="$(ANTLR4_RUNTIME_SRC)\tree\pattern\ParseTreePatternMatcher.h">
      <Filter>Header Files\tree\pattern</Filter>
    </ClInclude>
    <ClInclude Include="$(ANTLR4_RUNTIME_SRC)\tree\pattern\RuleTagToken.h">
      <Filter>Header Files\tree\pattern</Filter>
    </ClInclude>
    <ClInclude Include="$(ANTLR4_RUNTIME_SRC)\tree\pattern\TagChunk.h">
      <Filter>Header Files\tree\pattern</Filter>
    </ClInclude>
    <ClInclude Include="$(ANTLR4_RUNTIME_SRC)\tree\pattern\TextChunk.h">
      <Filter>Header Files\tree\pattern</Filter>
    </ClInclude>
    <ClInclude Include="$(ANTLR4_RUNTIME_SRC)\tree\pattern\TokenTagToken.h">
      <Filter>Header Files\tree\pattern</Filter>
    </ClInclude>
    <ClInclude Include="$(ANTLR4_RUNTIME_SRC)\tree\xpath\XPathLexer.h">
      <Filter>Header Files\tree\xpath</Filter>
    </ClInclude>
    <ClInclude Include="$(ANTLR4_RUNTIME_SRC)\Vocabulary.h">
      <Filter>Header Files</Filter>
    </ClInclude>
    <ClInclude Include="$(ANTLR4_RUNTIME_SRC)\atn\AmbiguityInfo.h">
      <Filter>Header Files\atn</Filter>
    </ClInclude>
    <ClInclude Include="$(ANTLR4_RUNTIME_SRC)\atn\ContextSensitivityInfo.h">
      <Filter>Header Files\atn</Filter>
    </ClInclude>
    <ClInclude Include="$(ANTLR4_RUNTIME_SRC)\atn\DecisionEventInfo.h">
      <Filter>Header Files\atn</Filter>
    </ClInclude>
    <ClInclude Include="$(ANTLR4_RUNTIME_SRC)\atn\DecisionInfo.h">
      <Filter>Header Files\atn</Filter>
    </ClInclude>
    <ClInclude Include="$(ANTLR4_RUNTIME_SRC)\atn\ErrorInfo.h">
      <Filter>Header Files\atn</Filter>
    </ClInclude>
    <ClInclude Include="$(ANTLR4_RUNTIME_SRC)\atn\LexerAction.h">
      <Filter>Header Files\atn</Filter>
    </ClInclude>
    <ClInclude Include="$(ANTLR4_RUNTIME_SRC)\atn\LexerActionExecutor.h">
      <Filter>Header Files\atn</Filter>
    </ClInclude>
    <ClInclude Include="$(ANTLR4_RUNTIME_SRC)\atn\LexerActionType.h">
      <Filter>Header Files\atn</Filter>
    </ClInclude>
    <ClInclude Include="$(ANTLR4_RUNTIME_SRC)\atn\LexerChannelAction.h">
      <Filter>Header Files\atn</Filter>
    </ClInclude>
    <ClInclude Include="$(ANTLR4_RUNTIME_SRC)\atn\LexerCustomAction.h">
      <Filter>Header Files\atn</Filter>
    </ClInclude>
    <ClInclude Include="$(ANTLR4_RUNTIME_SRC)\atn\LexerIndexedCustomAction.h">
      <Filter>Header Files\atn</Filter>
    </ClInclude>
    <ClInclude Include="$(ANTLR4_RUNTIME_SRC)\atn\LexerModeAction.h">
      <Filter>Header Files\atn</Filter>
    </ClInclude>
    <ClInclude Include="$(ANTLR4_RUNTIME_SRC)\atn\LexerMoreAction.h">
      <Filter>Header Files\atn</Filter>
    </ClInclude>
    <ClInclude Include="$(ANTLR4_RUNTIME_SRC)\atn\LexerPopModeAction.h">
      <Filter>Header Files\atn</Filter>
    </ClInclude>
    <ClInclude Include="$(ANTLR4_RUNTIME_SRC)\atn\LexerPushModeAction.h">
      <Filter>Header Files\atn</Filter>
    </ClInclude>
    <ClInclude Include="$(ANTLR4_RUNTIME_SRC)\atn\LexerSkipAction.h">
      <Filter>Header Files\atn</Filter>
    </ClInclude>
    <ClInclude Include="$(ANTLR4_RUNTIME_SRC)\atn\LexerTypeAction.h">
      <Filter>Header Files\atn</Filter>
    </ClInclude>
    <ClInclude Include="$(ANTLR4_RUNTIME_SRC)\atn\LookaheadEventInfo.h">
      <Filter>Header Files\atn</Filter>
    </ClInclude>
    <ClInclude Include="$(ANTLR4_RUNTIME_SRC)\atn\ParseInfo.h">
      <Filter>Header Files\atn</Filter>
    </ClInclude>
    <ClInclude Include="$(ANTLR4_RUNTIME_SRC)\atn\PredicateEvalInfo.h">
      <Filter>Header Files\atn</Filter>
    </ClInclude>
    <ClInclude Include="$(ANTLR4_RUNTIME_SRC)\atn\ProfilingATNSimulator.h">
      <Filter>Header Files\atn</Filter>
    </ClInclude>
    <ClInclude Include="$(ANTLR4_RUNTIME_SRC)\misc\Predicate.h">
      <Filter>Header Files\misc</Filter>
    </ClInclude>
    <ClInclude Include="$(ANTLR4_RUNTIME_SRC)\RuleContextWithAltNum.h">
      <Filter>Header Files</Filter>
    </ClInclude>
    <ClInclude Include="$(ANTLR4_RUNTIME_SRC)\RuntimeMetaData.h">
      <Filter>Header Files</Filter>
    </ClInclude>
    <ClInclude Include="$(ANTLR4_RUNTIME_SRC)\support\StringUtils.h">
      <Filter>Header Files\support</Filter>
    </ClInclude>
    <ClInclude Include="$(ANTLR4_RUNTIME_SRC)\tree\xpath\XPath.h">
      <Filter>Header Files\tree\xpath</Filter>
    </ClInclude>
    <ClInclude Include="$(ANTLR4_RUNTIME_SRC)\tree\xpath\XPathElement.h">
      <Filter>Header Files\tree\xpath</Filter>
    </ClInclude>
    <ClInclude Include="$(ANTLR4_RUNTIME_SRC)\tree\xpath\XPathLexerErrorListener.h">
      <Filter>Header Files\tree\xpath</Filter>
    </ClInclude>
    <ClInclude Include="$(ANTLR4_RUNTIME_SRC)\tree\xpath\XPathRuleAnywhereElement.h">
      <Filter>Header Files\tree\xpath</Filter>
    </ClInclude>
    <ClInclude Include="$(ANTLR4_RUNTIME_SRC)\tree\xpath\XPathRuleElement.h">
      <Filter>Header Files\tree\xpath</Filter>
    </ClInclude>
    <ClInclude Include="$(ANTLR4_RUNTIME_SRC)\tree\xpath\XPathTokenAnywhereElement.h">
      <Filter>Header Files\tree\xpath</Filter>
    </ClInclude>
    <ClInclude Include="$(ANTLR4_RUNTIME_SRC)\tree\xpath\XPathTokenElement.h">
      <Filter>Header Files\tree\xpath</Filter>
    </ClInclude>
    <ClInclude Include="$(ANTLR4_RUNTIME_SRC)\tree\xpath\XPathWildcardAnywhereElement.h">
      <Filter>Header Files\tree\xpath</Filter>
    </ClInclude>
    <ClInclude Include="$(ANTLR4_RUNTIME_SRC)\tree\xpath\XPathWildcardElement.h">
      <Filter>Header Files\tree\xpath</Filter>
    </ClInclude>
    <ClInclude Include="$(ANTLR4_RUNTIME_SRC)\antlr4-common.h">
      <Filter>Header Files</Filter>
    </ClInclude>
    <ClInclude Include="$(ANTLR4_RUNTIME_SRC)\antlr4-runtime.h">
      <Filter>Header Files</Filter>
    </ClInclude>
    <ClInclude Include="$(ANTLR4_RUNTIME_SRC)\support\Any.h">
      <Filter>Source Files\support</Filter>
    </ClInclude>
    <ClInclude Include="$(ANTLR4_RUNTIME_SRC)\tree\IterativeParseTreeWalker.h">
      <Filter>Header Files\tree</Filter>
    </ClInclude>
    <ClInclude Include="..\..\..\antlr4\runtime\Cpp\runtime\src\misc\InterpreterDataReader.h">
      <Filter>Source Files\misc</Filter>
    </ClInclude>
  </ItemGroup>
  <ItemGroup>
    <ClCompile Include="$(ANTLR4_RUNTIME_SRC)\ANTLRFileStream.cpp">
      <Filter>Source Files</Filter>
    </ClCompile>
    <ClCompile Include="$(ANTLR4_RUNTIME_SRC)\ANTLRInputStream.cpp">
      <Filter>Source Files</Filter>
    </ClCompile>
    <ClCompile Include="$(ANTLR4_RUNTIME_SRC)\BailErrorStrategy.cpp">
      <Filter>Source Files</Filter>
    </ClCompile>
    <ClCompile Include="$(ANTLR4_RUNTIME_SRC)\BaseErrorListener.cpp">
      <Filter>Source Files</Filter>
    </ClCompile>
    <ClCompile Include="$(ANTLR4_RUNTIME_SRC)\BufferedTokenStream.cpp">
      <Filter>Source Files</Filter>
    </ClCompile>
    <ClCompile Include="$(ANTLR4_RUNTIME_SRC)\CharStream.cpp">
      <Filter>Source Files</Filter>
    </ClCompile>
    <ClCompile Include="$(ANTLR4_RUNTIME_SRC)\CommonToken.cpp">
      <Filter>Source Files</Filter>
    </ClCompile>
    <ClCompile Include="$(ANTLR4_RUNTIME_SRC)\CommonTokenFactory.cpp">
      <Filter>Source Files</Filter>
    </ClCompile>
    <ClCompile Include="$(ANTLR4_RUNTIME_SRC)\CommonTokenStream.cpp">
      <Filter>Source Files</Filter>
    </ClCompile>
    <ClCompile Include="$(ANTLR4_RUNTIME_SRC)\ConsoleErrorListener.cpp">
      <Filter>Source Files</Filter>
    </ClCompile>
    <ClCompile Include="$(ANTLR4_RUNTIME_SRC)\DefaultErrorStrategy.cpp">
      <Filter>Source Files</Filter>
    </ClCompile>
    <ClCompile Include="$(ANTLR4_RUNTIME_SRC)\DiagnosticErrorListener.cpp">
      <Filter>Source Files</Filter>
    </ClCompile>
    <ClCompile Include="$(ANTLR4_RUNTIME_SRC)\Exceptions.cpp">
      <Filter>Source Files</Filter>
    </ClCompile>
    <ClCompile Include="$(ANTLR4_RUNTIME_SRC)\FailedPredicateException.cpp">
      <Filter>Source Files</Filter>
    </ClCompile>
    <ClCompile Include="$(ANTLR4_RUNTIME_SRC)\InputMismatchException.cpp">
      <Filter>Source Files</Filter>
    </ClCompile>
    <ClCompile Include="$(ANTLR4_RUNTIME_SRC)\InterpreterRuleContext.cpp">
      <Filter>Source Files</Filter>
    </ClCompile>
    <ClCompile Include="$(ANTLR4_RUNTIME_SRC)\IntStream.cpp">
      <Filter>Source Files</Filter>
    </ClCompile>
    <ClCompile Include="$(ANTLR4_RUNTIME_SRC)\Lexer.cpp">
      <Filter>Source Files</Filter>
    </ClCompile>
    <ClCompile Include="$(ANTLR4_RUNTIME_SRC)\LexerInterpreter.cpp">
      <Filter>Source Files</Filter>
    </ClCompile>
    <ClCompile Include="$(ANTLR4_RUNTIME_SRC)\LexerNoViableAltException.cpp">
      <Filter>Source Files</Filter>
    </ClCompile>
    <ClCompile Include="$(ANTLR4_RUNTIME_SRC)\ListTokenSource.cpp">
      <Filter>Source Files</Filter>
    </ClCompile>
    <ClCompile Include="$(ANTLR4_RUNTIME_SRC)\NoViableAltException.cpp">
      <Filter>Source Files</Filter>
    </ClCompile>
    <ClCompile Include="$(ANTLR4_RUNTIME_SRC)\Parser.cpp">
      <Filter>Source Files</Filter>
    </ClCompile>
    <ClCompile Include="$(ANTLR4_RUNTIME_SRC)\ParserInterpreter.cpp">
      <Filter>Source Files</Filter>
    </ClCompile>
    <ClCompile Include="$(ANTLR4_RUNTIME_SRC)\ParserRuleContext.cpp">
      <Filter>Source Files</Filter>
    </ClCompile>
    <ClCompile Include="$(ANTLR4_RUNTIME_SRC)\ProxyErrorListener.cpp">
      <Filter>Source Files</Filter>
    </ClCompile>
    <ClCompile Include="$(ANTLR4_RUNTIME_SRC)\RecognitionException.cpp">
      <Filter>Source Files</Filter>
    </ClCompile>
    <ClCompile Include="$(ANTLR4_RUNTIME_SRC)\Recognizer.cpp">
      <Filter>Source Files</Filter>
    </ClCompile>
    <ClCompile Include="$(ANTLR4_RUNTIME_SRC)\RuleContext.cpp">
      <Filter>Source Files</Filter>
    </ClCompile>
    <ClCompile Include="$(ANTLR4_RUNTIME_SRC)\TokenStream.cpp">
      <Filter>Source Files</Filter>
    </ClCompile>
    <ClCompile Include="$(ANTLR4_RUNTIME_SRC)\TokenStreamRewriter.cpp">
      <Filter>Source Files</Filter>
    </ClCompile>
    <ClCompile Include="$(ANTLR4_RUNTIME_SRC)\UnbufferedCharStream.cpp">
      <Filter>Source Files</Filter>
    </ClCompile>
    <ClCompile Include="$(ANTLR4_RUNTIME_SRC)\UnbufferedTokenStream.cpp">
      <Filter>Source Files</Filter>
    </ClCompile>
    <ClCompile Include="$(ANTLR4_RUNTIME_SRC)\atn\AbstractPredicateTransition.cpp">
      <Filter>Source Files\atn</Filter>
    </ClCompile>
    <ClCompile Include="$(ANTLR4_RUNTIME_SRC)\atn\ActionTransition.cpp">
      <Filter>Source Files\atn</Filter>
    </ClCompile>
    <ClCompile Include="$(ANTLR4_RUNTIME_SRC)\atn\ArrayPredictionContext.cpp">
      <Filter>Source Files\atn</Filter>
    </ClCompile>
    <ClCompile Include="$(ANTLR4_RUNTIME_SRC)\atn\ATN.cpp">
      <Filter>Source Files\atn</Filter>
    </ClCompile>
    <ClCompile Include="$(ANTLR4_RUNTIME_SRC)\atn\ATNConfig.cpp">
      <Filter>Source Files\atn</Filter>
    </ClCompile>
    <ClCompile Include="$(ANTLR4_RUNTIME_SRC)\atn\ATNConfigSet.cpp">
      <Filter>Source Files\atn</Filter>
    </ClCompile>
    <ClCompile Include="$(ANTLR4_RUNTIME_SRC)\atn\ATNDeserializationOptions.cpp">
      <Filter>Source Files\atn</Filter>
    </ClCompile>
    <ClCompile Include="$(ANTLR4_RUNTIME_SRC)\atn\ATNDeserializer.cpp">
      <Filter>Source Files\atn</Filter>
    </ClCompile>
    <ClCompile Include="$(ANTLR4_RUNTIME_SRC)\atn\ATNSerializer.cpp">
      <Filter>Source Files\atn</Filter>
    </ClCompile>
    <ClCompile Include="$(ANTLR4_RUNTIME_SRC)\atn\ATNSimulator.cpp">
      <Filter>Source Files\atn</Filter>
    </ClCompile>
    <ClCompile Include="$(ANTLR4_RUNTIME_SRC)\atn\ATNState.cpp">
      <Filter>Source Files\atn</Filter>
    </ClCompile>
    <ClCompile Include="$(ANTLR4_RUNTIME_SRC)\atn\AtomTransition.cpp">
      <Filter>Source Files\atn</Filter>
    </ClCompile>
    <ClCompile Include="$(ANTLR4_RUNTIME_SRC)\atn\BasicBlockStartState.cpp">
      <Filter>Source Files\atn</Filter>
    </ClCompile>
    <ClCompile Include="$(ANTLR4_RUNTIME_SRC)\atn\BasicState.cpp">
      <Filter>Source Files\atn</Filter>
    </ClCompile>
    <ClCompile Include="$(ANTLR4_RUNTIME_SRC)\atn\BlockEndState.cpp">
      <Filter>Source Files\atn</Filter>
    </ClCompile>
    <ClCompile Include="$(ANTLR4_RUNTIME_SRC)\atn\DecisionState.cpp">
      <Filter>Source Files\atn</Filter>
    </ClCompile>
    <ClCompile Include="$(ANTLR4_RUNTIME_SRC)\atn\EmptyPredictionContext.cpp">
      <Filter>Source Files\atn</Filter>
    </ClCompile>
    <ClCompile Include="$(ANTLR4_RUNTIME_SRC)\atn\EpsilonTransition.cpp">
      <Filter>Source Files\atn</Filter>
    </ClCompile>
    <ClCompile Include="$(ANTLR4_RUNTIME_SRC)\atn\LexerATNConfig.cpp">
      <Filter>Source Files\atn</Filter>
    </ClCompile>
    <ClCompile Include="$(ANTLR4_RUNTIME_SRC)\atn\LexerATNSimulator.cpp">
      <Filter>Source Files\atn</Filter>
    </ClCompile>
    <ClCompile Include="$(ANTLR4_RUNTIME_SRC)\atn\LL1Analyzer.cpp">
      <Filter>Source Files\atn</Filter>
    </ClCompile>
    <ClCompile Include="$(ANTLR4_RUNTIME_SRC)\atn\LoopEndState.cpp">
      <Filter>Source Files\atn</Filter>
    </ClCompile>
    <ClCompile Include="$(ANTLR4_RUNTIME_SRC)\atn\NotSetTransition.cpp">
      <Filter>Source Files\atn</Filter>
    </ClCompile>
    <ClCompile Include="$(ANTLR4_RUNTIME_SRC)\atn\OrderedATNConfigSet.cpp">
      <Filter>Source Files\atn</Filter>
    </ClCompile>
    <ClCompile Include="$(ANTLR4_RUNTIME_SRC)\atn\ParserATNSimulator.cpp">
      <Filter>Source Files\atn</Filter>
    </ClCompile>
    <ClCompile Include="$(ANTLR4_RUNTIME_SRC)\atn\PlusBlockStartState.cpp">
      <Filter>Source Files\atn</Filter>
    </ClCompile>
    <ClCompile Include="$(ANTLR4_RUNTIME_SRC)\atn\PlusLoopbackState.cpp">
      <Filter>Source Files\atn</Filter>
    </ClCompile>
    <ClCompile Include="$(ANTLR4_RUNTIME_SRC)\atn\PrecedencePredicateTransition.cpp">
      <Filter>Source Files\atn</Filter>
    </ClCompile>
    <ClCompile Include="$(ANTLR4_RUNTIME_SRC)\atn\PredicateTransition.cpp">
      <Filter>Source Files\atn</Filter>
    </ClCompile>
    <ClCompile Include="$(ANTLR4_RUNTIME_SRC)\atn\PredictionContext.cpp">
      <Filter>Source Files\atn</Filter>
    </ClCompile>
    <ClCompile Include="$(ANTLR4_RUNTIME_SRC)\atn\PredictionMode.cpp">
      <Filter>Source Files\atn</Filter>
    </ClCompile>
    <ClCompile Include="$(ANTLR4_RUNTIME_SRC)\atn\RangeTransition.cpp">
      <Filter>Source Files\atn</Filter>
    </ClCompile>
    <ClCompile Include="$(ANTLR4_RUNTIME_SRC)\atn\RuleStartState.cpp">
      <Filter>Source Files\atn</Filter>
    </ClCompile>
    <ClCompile Include="$(ANTLR4_RUNTIME_SRC)\atn\RuleStopState.cpp">
      <Filter>Source Files\atn</Filter>
    </ClCompile>
    <ClCompile Include="$(ANTLR4_RUNTIME_SRC)\atn\RuleTransition.cpp">
      <Filter>Source Files\atn</Filter>
    </ClCompile>
    <ClCompile Include="$(ANTLR4_RUNTIME_SRC)\atn\SemanticContext.cpp">
      <Filter>Source Files\atn</Filter>
    </ClCompile>
    <ClCompile Include="$(ANTLR4_RUNTIME_SRC)\atn\SetTransition.cpp">
      <Filter>Source Files\atn</Filter>
    </ClCompile>
    <ClCompile Include="$(ANTLR4_RUNTIME_SRC)\atn\SingletonPredictionContext.cpp">
      <Filter>Source Files\atn</Filter>
    </ClCompile>
    <ClCompile Include="$(ANTLR4_RUNTIME_SRC)\atn\StarBlockStartState.cpp">
      <Filter>Source Files\atn</Filter>
    </ClCompile>
    <ClCompile Include="$(ANTLR4_RUNTIME_SRC)\atn\StarLoopbackState.cpp">
      <Filter>Source Files\atn</Filter>
    </ClCompile>
    <ClCompile Include="$(ANTLR4_RUNTIME_SRC)\atn\StarLoopEntryState.cpp">
      <Filter>Source Files\atn</Filter>
    </ClCompile>
    <ClCompile Include="$(ANTLR4_RUNTIME_SRC)\atn\TokensStartState.cpp">
      <Filter>Source Files\atn</Filter>
    </ClCompile>
    <ClCompile Include="$(ANTLR4_RUNTIME_SRC)\atn\Transition.cpp">
      <Filter>Source Files\atn</Filter>
    </ClCompile>
    <ClCompile Include="$(ANTLR4_RUNTIME_SRC)\atn\WildcardTransition.cpp">
      <Filter>Source Files\atn</Filter>
    </ClCompile>
    <ClCompile Include="$(ANTLR4_RUNTIME_SRC)\dfa\DFA.cpp">
      <Filter>Source Files\dfa</Filter>
    </ClCompile>
    <ClCompile Include="$(ANTLR4_RUNTIME_SRC)\dfa\DFASerializer.cpp">
      <Filter>Source Files\dfa</Filter>
    </ClCompile>
    <ClCompile Include="$(ANTLR4_RUNTIME_SRC)\dfa\DFAState.cpp">
      <Filter>Source Files\dfa</Filter>
    </ClCompile>
    <ClCompile Include="$(ANTLR4_RUNTIME_SRC)\dfa\LexerDFASerializer.cpp">
      <Filter>Source Files\dfa</Filter>
    </ClCompile>
    <ClCompile Include="$(ANTLR4_RUNTIME_SRC)\misc\Interval.cpp">
      <Filter>Source Files\misc</Filter>
    </ClCompile>
    <ClCompile Include="$(ANTLR4_RUNTIME_SRC)\misc\IntervalSet.cpp">
      <Filter>Source Files\misc</Filter>
    </ClCompile>
    <ClCompile Include="$(ANTLR4_RUNTIME_SRC)\misc\MurmurHash.cpp">
      <Filter>Source Files\misc</Filter>
    </ClCompile>
    <ClCompile Include="$(ANTLR4_RUNTIME_SRC)\support\Arrays.cpp">
      <Filter>Source Files\support</Filter>
    </ClCompile>
    <ClCompile Include="$(ANTLR4_RUNTIME_SRC)\support\CPPUtils.cpp">
      <Filter>Source Files\support</Filter>
    </ClCompile>
    <ClCompile Include="$(ANTLR4_RUNTIME_SRC)\support\guid.cpp">
      <Filter>Source Files\support</Filter>
    </ClCompile>
    <ClCompile Include="$(ANTLR4_RUNTIME_SRC)\tree\ErrorNodeImpl.cpp">
      <Filter>Source Files\tree</Filter>
    </ClCompile>
    <ClCompile Include="$(ANTLR4_RUNTIME_SRC)\tree\ParseTreeWalker.cpp">
      <Filter>Source Files\tree</Filter>
    </ClCompile>
    <ClCompile Include="$(ANTLR4_RUNTIME_SRC)\tree\TerminalNodeImpl.cpp">
      <Filter>Source Files\tree</Filter>
    </ClCompile>
    <ClCompile Include="$(ANTLR4_RUNTIME_SRC)\tree\Trees.cpp">
      <Filter>Source Files\tree</Filter>
    </ClCompile>
    <ClCompile Include="$(ANTLR4_RUNTIME_SRC)\tree\pattern\ParseTreeMatch.cpp">
      <Filter>Source Files\tree\pattern</Filter>
    </ClCompile>
    <ClCompile Include="$(ANTLR4_RUNTIME_SRC)\tree\pattern\ParseTreePattern.cpp">
      <Filter>Source Files\tree\pattern</Filter>
    </ClCompile>
    <ClCompile Include="$(ANTLR4_RUNTIME_SRC)\tree\pattern\ParseTreePatternMatcher.cpp">
      <Filter>Source Files\tree\pattern</Filter>
    </ClCompile>
    <ClCompile Include="$(ANTLR4_RUNTIME_SRC)\tree\pattern\RuleTagToken.cpp">
      <Filter>Source Files\tree\pattern</Filter>
    </ClCompile>
    <ClCompile Include="$(ANTLR4_RUNTIME_SRC)\tree\pattern\TagChunk.cpp">
      <Filter>Source Files\tree\pattern</Filter>
    </ClCompile>
    <ClCompile Include="$(ANTLR4_RUNTIME_SRC)\tree\pattern\TextChunk.cpp">
      <Filter>Source Files\tree\pattern</Filter>
    </ClCompile>
    <ClCompile Include="$(ANTLR4_RUNTIME_SRC)\tree\pattern\TokenTagToken.cpp">
      <Filter>Source Files\tree\pattern</Filter>
    </ClCompile>
    <ClCompile Include="$(ANTLR4_RUNTIME_SRC)\atn\AmbiguityInfo.cpp">
      <Filter>Source Files\atn</Filter>
    </ClCompile>
    <ClCompile Include="$(ANTLR4_RUNTIME_SRC)\atn\ContextSensitivityInfo.cpp">
      <Filter>Source Files\atn</Filter>
    </ClCompile>
    <ClCompile Include="$(ANTLR4_RUNTIME_SRC)\atn\DecisionEventInfo.cpp">
      <Filter>Source Files\atn</Filter>
    </ClCompile>
    <ClCompile Include="$(ANTLR4_RUNTIME_SRC)\atn\DecisionInfo.cpp">
      <Filter>Source Files\atn</Filter>
    </ClCompile>
    <ClCompile Include="$(ANTLR4_RUNTIME_SRC)\atn\ErrorInfo.cpp">
      <Filter>Source Files\atn</Filter>
    </ClCompile>
    <ClCompile Include="$(ANTLR4_RUNTIME_SRC)\atn\LexerActionExecutor.cpp">
      <Filter>Source Files\atn</Filter>
    </ClCompile>
    <ClCompile Include="$(ANTLR4_RUNTIME_SRC)\atn\LexerChannelAction.cpp">
      <Filter>Source Files\atn</Filter>
    </ClCompile>
    <ClCompile Include="$(ANTLR4_RUNTIME_SRC)\atn\LexerCustomAction.cpp">
      <Filter>Source Files\atn</Filter>
    </ClCompile>
    <ClCompile Include="$(ANTLR4_RUNTIME_SRC)\atn\LexerIndexedCustomAction.cpp">
      <Filter>Source Files\atn</Filter>
    </ClCompile>
    <ClCompile Include="$(ANTLR4_RUNTIME_SRC)\atn\LexerModeAction.cpp">
      <Filter>Source Files\atn</Filter>
    </ClCompile>
    <ClCompile Include="$(ANTLR4_RUNTIME_SRC)\atn\LexerMoreAction.cpp">
      <Filter>Source Files\atn</Filter>
    </ClCompile>
    <ClCompile Include="$(ANTLR4_RUNTIME_SRC)\atn\LexerPopModeAction.cpp">
      <Filter>Source Files\atn</Filter>
    </ClCompile>
    <ClCompile Include="$(ANTLR4_RUNTIME_SRC)\atn\LexerPushModeAction.cpp">
      <Filter>Source Files\atn</Filter>
    </ClCompile>
    <ClCompile Include="$(ANTLR4_RUNTIME_SRC)\atn\LexerSkipAction.cpp">
      <Filter>Source Files\atn</Filter>
    </ClCompile>
    <ClCompile Include="$(ANTLR4_RUNTIME_SRC)\atn\LexerTypeAction.cpp">
      <Filter>Source Files\atn</Filter>
    </ClCompile>
    <ClCompile Include="$(ANTLR4_RUNTIME_SRC)\atn\LookaheadEventInfo.cpp">
      <Filter>Source Files\atn</Filter>
    </ClCompile>
    <ClCompile Include="$(ANTLR4_RUNTIME_SRC)\atn\ParseInfo.cpp">
      <Filter>Source Files\atn</Filter>
    </ClCompile>
    <ClCompile Include="$(ANTLR4_RUNTIME_SRC)\atn\PredicateEvalInfo.cpp">
      <Filter>Source Files\atn</Filter>
    </ClCompile>
    <ClCompile Include="$(ANTLR4_RUNTIME_SRC)\atn\ProfilingATNSimulator.cpp">
      <Filter>Source Files\atn</Filter>
    </ClCompile>
    <ClCompile Include="$(ANTLR4_RUNTIME_SRC)\RuleContextWithAltNum.cpp">
      <Filter>Source Files</Filter>
    </ClCompile>
    <ClCompile Include="$(ANTLR4_RUNTIME_SRC)\RuntimeMetaData.cpp">
      <Filter>Source Files</Filter>
    </ClCompile>
    <ClCompile Include="$(ANTLR4_RUNTIME_SRC)\support\StringUtils.cpp">
      <Filter>Source Files\support</Filter>
    </ClCompile>
    <ClCompile Include="$(ANTLR4_RUNTIME_SRC)\tree\xpath\XPath.cpp">
      <Filter>Source Files\tree\xpath</Filter>
    </ClCompile>
    <ClCompile Include="$(ANTLR4_RUNTIME_SRC)\tree\xpath\XPathElement.cpp">
      <Filter>Source Files\tree\xpath</Filter>
    </ClCompile>
    <ClCompile Include="$(ANTLR4_RUNTIME_SRC)\tree\xpath\XPathLexer.cpp">
      <Filter>Source Files\tree\xpath</Filter>
    </ClCompile>
    <ClCompile Include="$(ANTLR4_RUNTIME_SRC)\tree\xpath\XPathLexerErrorListener.cpp">
      <Filter>Source Files\tree\xpath</Filter>
    </ClCompile>
    <ClCompile Include="$(ANTLR4_RUNTIME_SRC)\tree\xpath\XPathRuleAnywhereElement.cpp">
      <Filter>Source Files\tree\xpath</Filter>
    </ClCompile>
    <ClCompile Include="$(ANTLR4_RUNTIME_SRC)\tree\xpath\XPathRuleElement.cpp">
      <Filter>Source Files\tree\xpath</Filter>
    </ClCompile>
    <ClCompile Include="$(ANTLR4_RUNTIME_SRC)\tree\xpath\XPathTokenAnywhereElement.cpp">
      <Filter>Source Files\tree\xpath</Filter>
    </ClCompile>
    <ClCompile Include="$(ANTLR4_RUNTIME_SRC)\tree\xpath\XPathTokenElement.cpp">
      <Filter>Source Files\tree\xpath</Filter>
    </ClCompile>
    <ClCompile Include="$(ANTLR4_RUNTIME_SRC)\tree\xpath\XPathWildcardAnywhereElement.cpp">
      <Filter>Source Files\tree\xpath</Filter>
    </ClCompile>
    <ClCompile Include="$(ANTLR4_RUNTIME_SRC)\tree\xpath\XPathWildcardElement.cpp">
      <Filter>Source Files\tree\xpath</Filter>
    </ClCompile>
    <ClCompile Include="$(ANTLR4_RUNTIME_SRC)\Vocabulary.cpp">
      <Filter>Source Files</Filter>
    </ClCompile>
    <ClCompile Include="$(ANTLR4_RUNTIME_SRC)\tree\ParseTree.cpp">
      <Filter>Source Files\tree</Filter>
    </ClCompile>
    <ClCompile Include="$(ANTLR4_RUNTIME_SRC)\tree\IterativeParseTreeWalker.cpp">
      <Filter>Source Files\tree</Filter>
    </ClCompile>
    <ClCompile Include="..\..\..\antlr4\runtime\Cpp\runtime\src\ANTLRErrorListener.cpp">
      <Filter>Source Files</Filter>
    </ClCompile>
    <ClCompile Include="..\..\..\antlr4\runtime\Cpp\runtime\src\ANTLRErrorStrategy.cpp">
      <Filter>Source Files</Filter>
    </ClCompile>
    <ClCompile Include="..\..\..\antlr4\runtime\Cpp\runtime\src\Token.cpp">
      <Filter>Source Files</Filter>
    </ClCompile>
    <ClCompile Include="..\..\..\antlr4\runtime\Cpp\runtime\src\TokenSource.cpp">
      <Filter>Source Files</Filter>
    </ClCompile>
    <ClCompile Include="..\..\..\antlr4\runtime\Cpp\runtime\src\WritableToken.cpp">
      <Filter>Source Files</Filter>
    </ClCompile>
    <ClCompile Include="..\..\..\antlr4\runtime\Cpp\runtime\src\tree\ErrorNode.cpp">
      <Filter>Source Files\tree</Filter>
    </ClCompile>
    <ClCompile Include="..\..\..\antlr4\runtime\Cpp\runtime\src\tree\ParseTreeListener.cpp">
      <Filter>Source Files\tree</Filter>
    </ClCompile>
    <ClCompile Include="..\..\..\antlr4\runtime\Cpp\runtime\src\tree\ParseTreeVisitor.cpp">
      <Filter>Source Files\tree</Filter>
    </ClCompile>
    <ClCompile Include="..\..\..\antlr4\runtime\Cpp\runtime\src\tree\TerminalNode.cpp">
      <Filter>Source Files\tree</Filter>
    </ClCompile>
    <ClCompile Include="..\..\..\antlr4\runtime\Cpp\runtime\src\tree\pattern\Chunk.cpp">
      <Filter>Source Files\tree\pattern</Filter>
    </ClCompile>
    <ClCompile Include="..\..\..\antlr4\runtime\Cpp\runtime\src\support\Any.cpp">
      <Filter>Source Files\support</Filter>
    </ClCompile>
    <ClCompile Include="..\..\..\antlr4\runtime\Cpp\runtime\src\misc\InterpreterDataReader.cpp">
      <Filter>Source Files\misc</Filter>
    </ClCompile>
    <ClCompile Include="..\..\..\antlr4\runtime\Cpp\runtime\src\misc\Predicate.cpp">
      <Filter>Source Files\misc</Filter>
    </ClCompile>
    <ClCompile Include="..\..\..\antlr4\runtime\Cpp\runtime\src\atn\BlockStartState.cpp">
      <Filter>Source Files\atn</Filter>
    </ClCompile>
    <ClCompile Include="..\..\..\antlr4\runtime\Cpp\runtime\src\atn\LexerAction.cpp">
      <Filter>Source Files\atn</Filter>
    </ClCompile>
  </ItemGroup>
  <ItemGroup>
    <None Include="..\..\..\antlr4\runtime\Cpp\runtime\src\tree\xpath\XPathLexer.g4">
      <Filter>Source Files\tree\xpath</Filter>
    </None>
    <None Include="..\..\..\antlr4\runtime\Cpp\runtime\src\tree\xpath\XPathLexer.tokens">
      <Filter>Source Files\tree\xpath</Filter>
    </None>
    <None Include="..\..\..\antlr4\runtime\Cpp\runtime\src\atn\Makefile">
      <Filter>Source Files\atn</Filter>
    </None>
  </ItemGroup>
</Project>